{
  "originHash" : "f8a0db239c6de4472428fbeb321c7ff5b436762d439ad53f723aadd3e23e5cb2",
  "pins" : [
    {
      "identity" : "stripe-ios",
      "kind" : "remoteSourceControl",
      "location" : "https://github.com/stripe/stripe-ios",
      "state" : {
        "revision" : "4cde28405081ccf8d4b182e1709966d7e3f1f337",
        "version" : "23.32.0"
      }
    }
  ],
  "version" : 3
}
