// !$*UTF8*$!
{
	archiveVersion = 1;
	classes = {
	};
	objectVersion = 77;
	objects = {

/* Begin PBXBuildFile section */
		843054A488444899B34413F1 /* BarPassApp.swift in Sources */ = {isa = PBXBuildFile; fileRef = 31E99405CC974EE88B6DCBC2 /* BarPassApp.swift */; };
		1C139EE7A92E4F6FAE0A192E /* AppState.swift in Sources */ = {isa = PBXBuildFile; fileRef = 17175B20DCD14ABA8F6BC9A6 /* AppState.swift */; };
		D7AD185E462244CA9D58A5D9 /* RootView.swift in Sources */ = {isa = PBXBuildFile; fileRef = 215954AA68E64837B617F762 /* RootView.swift */; };
		B9A62D61B40F493A8CD4411B /* SplashView.swift in Sources */ = {isa = PBXBuildFile; fileRef = 5C0DE1C89B714B9B86AFBEBC /* SplashView.swift */; };
		D86686041EA84A9BA20C33D0 /* WalletPassService.swift in Sources */ = {isa = PBXBuildFile; fileRef = E692C280B36C465F99BA134A /* WalletPassService.swift */; };
		51DC00DACB4943528D1774C3 /* AppleWalletButton.swift in Sources */ = {isa = PBXBuildFile; fileRef = 54DBBD93556A46998B71B1A0 /* AppleWalletButton.swift */; };
		8E791D5466BE4B88A4A3FC18 /* BarPassWebView.swift in Sources */ = {isa = PBXBuildFile; fileRef = 91E2D5A64F9C494791C9910E /* BarPassWebView.swift */; };
		26DA9647069B4E4C811E1A6E /* WebViewCoordinator.swift in Sources */ = {isa = PBXBuildFile; fileRef = 9DCD3AC2A0CD41869FF3F219 /* WebViewCoordinator.swift */; };
		70D49EA8D93346D884605BD1 /* NativeBridge.swift in Sources */ = {isa = PBXBuildFile; fileRef = 1B7E6EFB8E564AAE91ACA4F1 /* NativeBridge.swift */; };
		067EADF081A541C3B9D6849C /* HapticService.swift in Sources */ = {isa = PBXBuildFile; fileRef = A3A2AADB3E0942E78472AA17 /* HapticService.swift */; };
		EEC2D1B30A4A43518950396E /* LocationService.swift in Sources */ = {isa = PBXBuildFile; fileRef = 86C5320B5CF94177AEC53AFE /* LocationService.swift */; };
		9664F7B3FA974F1A9BF37D0F /* NotificationService.swift in Sources */ = {isa = PBXBuildFile; fileRef = DA81C4C5CD74472CB51927BD /* NotificationService.swift */; };
		687B2EE135AA48B49EFA41BE /* BiometricService.swift in Sources */ = {isa = PBXBuildFile; fileRef = 5183C226F76344D09DBF0965 /* BiometricService.swift */; };
		0E1DB149EFE141FBB0594A91 /* ApplePayService.swift in Sources */ = {isa = PBXBuildFile; fileRef = 826FD7C6ABF346FAAE7E20B9 /* ApplePayService.swift */; };
		B62D32780FBB4339A9D66C4C /* CacheManager.swift in Sources */ = {isa = PBXBuildFile; fileRef = F6ABAF15472F453A8EE460ED /* CacheManager.swift */; };
		0DE1DA515CE5446B8AD3170F /* barpass-miami.html in Resources */ = {isa = PBXBuildFile; fileRef = 251D964CD9CC4F5587EB999B /* barpass-miami.html */; };
		B129C4BD104E44A481790CC5 /* barpass-logo.svg in Resources */ = {isa = PBXBuildFile; fileRef = 6FBD4A987D734BA48ACD4CFF /* barpass-logo.svg */; };
		93F21F9B17114B1F8163B10A /* Assets.xcassets in Resources */ = {isa = PBXBuildFile; fileRef = 1ADBBD06981F4B49AB7BDC40 /* Assets.xcassets */; };
/* End PBXBuildFile section */

/* Begin PBXFileReference section */
		31E99405CC974EE88B6DCBC2 /* BarPassApp.swift */ = {isa = PBXFileReference; lastKnownFileType = sourcecode.swift; path = "BarPassApp.swift"; sourceTree = "<group>"; };
		17175B20DCD14ABA8F6BC9A6 /* AppState.swift */ = {isa = PBXFileReference; lastKnownFileType = sourcecode.swift; path = "AppState.swift"; sourceTree = "<group>"; };
		215954AA68E64837B617F762 /* RootView.swift */ = {isa = PBXFileReference; lastKnownFileType = sourcecode.swift; path = "RootView.swift"; sourceTree = "<group>"; };
		5C0DE1C89B714B9B86AFBEBC /* SplashView.swift */ = {isa = PBXFileReference; lastKnownFileType = sourcecode.swift; path = "SplashView.swift"; sourceTree = "<group>"; };
		E692C280B36C465F99BA134A /* WalletPassService.swift */ = {isa = PBXFileReference; lastKnownFileType = sourcecode.swift; path = "WalletPassService.swift"; sourceTree = "<group>"; };
		54DBBD93556A46998B71B1A0 /* AppleWalletButton.swift */ = {isa = PBXFileReference; lastKnownFileType = sourcecode.swift; path = "AppleWalletButton.swift"; sourceTree = "<group>"; };
		91E2D5A64F9C494791C9910E /* BarPassWebView.swift */ = {isa = PBXFileReference; lastKnownFileType = sourcecode.swift; path = "BarPassWebView.swift"; sourceTree = "<group>"; };
		9DCD3AC2A0CD41869FF3F219 /* WebViewCoordinator.swift */ = {isa = PBXFileReference; lastKnownFileType = sourcecode.swift; path = "WebViewCoordinator.swift"; sourceTree = "<group>"; };
		1B7E6EFB8E564AAE91ACA4F1 /* NativeBridge.swift */ = {isa = PBXFileReference; lastKnownFileType = sourcecode.swift; path = "NativeBridge.swift"; sourceTree = "<group>"; };
		A3A2AADB3E0942E78472AA17 /* HapticService.swift */ = {isa = PBXFileReference; lastKnownFileType = sourcecode.swift; path = "HapticService.swift"; sourceTree = "<group>"; };
		86C5320B5CF94177AEC53AFE /* LocationService.swift */ = {isa = PBXFileReference; lastKnownFileType = sourcecode.swift; path = "LocationService.swift"; sourceTree = "<group>"; };
		DA81C4C5CD74472CB51927BD /* NotificationService.swift */ = {isa = PBXFileReference; lastKnownFileType = sourcecode.swift; path = "NotificationService.swift"; sourceTree = "<group>"; };
		5183C226F76344D09DBF0965 /* BiometricService.swift */ = {isa = PBXFileReference; lastKnownFileType = sourcecode.swift; path = "BiometricService.swift"; sourceTree = "<group>"; };
		826FD7C6ABF346FAAE7E20B9 /* ApplePayService.swift */ = {isa = PBXFileReference; lastKnownFileType = sourcecode.swift; path = "ApplePayService.swift"; sourceTree = "<group>"; };
		F6ABAF15472F453A8EE460ED /* CacheManager.swift */ = {isa = PBXFileReference; lastKnownFileType = sourcecode.swift; path = "CacheManager.swift"; sourceTree = "<group>"; };
		251D964CD9CC4F5587EB999B /* barpass-miami.html */ = {isa = PBXFileReference; lastKnownFileType = text.html; path = "barpass-miami.html"; sourceTree = "<group>"; };
		6FBD4A987D734BA48ACD4CFF /* barpass-logo.svg */ = {isa = PBXFileReference; lastKnownFileType = image.svg; path = "barpass-logo.svg"; sourceTree = "<group>"; };
		482A931F21FF45E4921BF052 /* Info.plist */ = {isa = PBXFileReference; lastKnownFileType = text.plist.xml; path = Info.plist; sourceTree = "<group>"; };
		1ADBBD06981F4B49AB7BDC40 /* Assets.xcassets */ = {isa = PBXFileReference; lastKnownFileType = folder.assetcatalog; path = Assets.xcassets; sourceTree = "<group>"; };
		4E959DC30B924BB698FE9BF3 /* BarPass.entitlements */ = {isa = PBXFileReference; lastKnownFileType = text.plist.entitlements; path = BarPass.entitlements; sourceTree = "<group>"; };
		2D1CF1834E234A5D81BFFA0A /* BarPass.app */ = {isa = PBXFileReference; explicitFileType = wrapper.application; includeInIndex = 0; path = BarPass.app; sourceTree = BUILT_PRODUCTS_DIR; };
/* End PBXFileReference section */

/* Begin PBXFrameworksBuildPhase section */
		4FD4611CB20148D78DC4E4D6 /* Frameworks */ = {
			isa = PBXFrameworksBuildPhase;
			buildActionMask = 2147483647;
			files = (
			);
			runOnlyForDeploymentPostprocessing = 0;
		};
/* End PBXFrameworksBuildPhase section */

/* Begin PBXGroup section */
		4A2F6A2A02B747C3A2C18CF4 = {
			isa = PBXGroup;
			children = (
				D0060F9039FE4A6F97ABE5F6 /* BarPass */,
				9CE7AD7BEDFC469985643A0C /* Products */,
			);
			sourceTree = "<group>";
		};
		9CE7AD7BEDFC469985643A0C /* Products */ = {
			isa = PBXGroup;
			children = (
				2D1CF1834E234A5D81BFFA0A /* BarPass.app */,
			);
			name = Products;
			sourceTree = "<group>";
		};
		D0060F9039FE4A6F97ABE5F6 /* BarPass */ = {
			isa = PBXGroup;
			children = (
				31E99405CC974EE88B6DCBC2 /* BarPassApp.swift */,
				17175B20DCD14ABA8F6BC9A6 /* AppState.swift */,
				84C58A01C628483BBE6FA1C4 /* Core */,
				D4C24AE945C6446CB6EC3FD6 /* Features */,
				03E2ECCEAD804801BB2C8203 /* Resources */,
				974C245A60A94499AD57061B /* Web */,
				4E959DC30B924BB698FE9BF3 /* BarPass.entitlements */,
			);
			path = BarPass;
			sourceTree = "<group>";
		};
		84C58A01C628483BBE6FA1C4 /* Core */ = {
			isa = PBXGroup;
			children = (
				F473B1D7788E4809BF9356E8 /* WebView */,
				6D2FC12B1B794417ADE51C35 /* Bridge */,
				A336D81ED41F4B58964C890C /* Services */,
				208D3D766B6C449384AA4360 /* Cache */,
			);
			name = Core;
			path = Core;
			sourceTree = "<group>";
		};
		F473B1D7788E4809BF9356E8 /* WebView */ = {
			isa = PBXGroup;
			children = (
				91E2D5A64F9C494791C9910E /* BarPassWebView.swift */,
				9DCD3AC2A0CD41869FF3F219 /* WebViewCoordinator.swift */,
			);
			name = WebView;
			path = WebView;
			sourceTree = "<group>";
		};
		6D2FC12B1B794417ADE51C35 /* Bridge */ = {
			isa = PBXGroup;
			children = (
				1B7E6EFB8E564AAE91ACA4F1 /* NativeBridge.swift */,
			);
			name = Bridge;
			path = Bridge;
			sourceTree = "<group>";
		};
		A336D81ED41F4B58964C890C /* Services */ = {
			isa = PBXGroup;
			children = (
				A3A2AADB3E0942E78472AA17 /* HapticService.swift */,
				86C5320B5CF94177AEC53AFE /* LocationService.swift */,
				DA81C4C5CD74472CB51927BD /* NotificationService.swift */,
				5183C226F76344D09DBF0965 /* BiometricService.swift */,
				826FD7C6ABF346FAAE7E20B9 /* ApplePayService.swift */,
			);
			name = Services;
			path = Services;
			sourceTree = "<group>";
		};
		208D3D766B6C449384AA4360 /* Cache */ = {
			isa = PBXGroup;
			children = (
				F6ABAF15472F453A8EE460ED /* CacheManager.swift */,
			);
			name = Cache;
			path = Cache;
			sourceTree = "<group>";
		};
		D4C24AE945C6446CB6EC3FD6 /* Features */ = {
			isa = PBXGroup;
			children = (
				215954AA68E64837B617F762 /* RootView.swift */,
				1C204DF89FF34BEF8A4702E9 /* Splash */,
				593CB2118DBE4F8B875E6888 /* WalletPass */,
			);
			name = Features;
			path = Features;
			sourceTree = "<group>";
		};
		1C204DF89FF34BEF8A4702E9 /* Splash */ = {
			isa = PBXGroup;
			children = (
				5C0DE1C89B714B9B86AFBEBC /* SplashView.swift */,
			);
			name = Splash;
			path = Splash;
			sourceTree = "<group>";
		};
		593CB2118DBE4F8B875E6888 /* WalletPass */ = {
			isa = PBXGroup;
			children = (
				E692C280B36C465F99BA134A /* WalletPassService.swift */,
				54DBBD93556A46998B71B1A0 /* AppleWalletButton.swift */,
			);
			name = WalletPass;
			path = WalletPass;
			sourceTree = "<group>";
		};
		03E2ECCEAD804801BB2C8203 /* Resources */ = {
			isa = PBXGroup;
			children = (
				482A931F21FF45E4921BF052 /* Info.plist */,
				1ADBBD06981F4B49AB7BDC40 /* Assets.xcassets */,
			);
			name = Resources;
			path = Resources;
			sourceTree = "<group>";
		};
		974C245A60A94499AD57061B /* Web */ = {
			isa = PBXGroup;
			children = (
				251D964CD9CC4F5587EB999B /* barpass-miami.html */,
				6FBD4A987D734BA48ACD4CFF /* barpass-logo.svg */,
			);
			name = Web;
			path = Web;
			sourceTree = "<group>";
		};
/* End PBXGroup section */

/* Begin PBXNativeTarget section */
		8F08E68AFD29451EB866EDEC /* BarPass */ = {
			isa = PBXNativeTarget;
			buildConfigurationList = 87574B883D6B4AF49F65714F /* Build configuration list for PBXNativeTarget "BarPass" */;
			buildPhases = (
				F588983EF4D047F0B8077B21 /* Sources */,
				27A6EB7B01094BBE9F06F307 /* Resources */,
				4FD4611CB20148D78DC4E4D6 /* Frameworks */,
			);
			buildRules = ();
			dependencies = ();
			name = BarPass;
			packageProductDependencies = ();
			productName = BarPass;
			productReference = 2D1CF1834E234A5D81BFFA0A /* BarPass.app */;
			productType = "com.apple.product-type.application";
		};
/* End PBXNativeTarget section */

/* Begin PBXProject section */
		07642DF6554F4BB299F489F5 /* Project object */ = {
			isa = PBXProject;
			attributes = {
				BuildIndependentTargetsInParallel = 1;
				LastSwiftUpdateCheck = 1700;
				LastUpgradeCheck = 1700;
				TargetAttributes = {
					8F08E68AFD29451EB866EDEC = {
						CreatedOnToolsVersion = 17.0;
					};
				};
			};
			buildConfigurationList = 5E6A2017B8DA471F99E76D47 /* Build configuration list for PBXProject "BarPass" */;
			compatibilityVersion = "Xcode 14.0";
			developmentRegion = en;
			hasScannedForEncodings = 0;
			knownRegions = (
				en,
				Base,
			);
			mainGroup = 4A2F6A2A02B747C3A2C18CF4;
			packageReferences = ();
			productRefGroup = 9CE7AD7BEDFC469985643A0C /* Products */;
			projectDirPath = "";
			projectRoot = "";
			targets = (
				8F08E68AFD29451EB866EDEC /* BarPass */,
			);
		};
/* End PBXProject section */

/* Begin PBXResourcesBuildPhase section */
		27A6EB7B01094BBE9F06F307 /* Resources */ = {
			isa = PBXResourcesBuildPhase;
			buildActionMask = 2147483647;
			files = (
				0DE1DA515CE5446B8AD3170F /* barpass-miami.html in Resources */,
				B129C4BD104E44A481790CC5 /* barpass-logo.svg in Resources */,
				93F21F9B17114B1F8163B10A /* Assets.xcassets in Resources */,
			);
			runOnlyForDeploymentPostprocessing = 0;
		};
/* End PBXResourcesBuildPhase section */

/* Begin PBXSourcesBuildPhase section */
		F588983EF4D047F0B8077B21 /* Sources */ = {
			isa = PBXSourcesBuildPhase;
			buildActionMask = 2147483647;
			files = (
				843054A488444899B34413F1 /* BarPassApp.swift in Sources */,
				1C139EE7A92E4F6FAE0A192E /* AppState.swift in Sources */,
				D7AD185E462244CA9D58A5D9 /* RootView.swift in Sources */,
				B9A62D61B40F493A8CD4411B /* SplashView.swift in Sources */,
				D86686041EA84A9BA20C33D0 /* WalletPassService.swift in Sources */,
				51DC00DACB4943528D1774C3 /* AppleWalletButton.swift in Sources */,
				8E791D5466BE4B88A4A3FC18 /* BarPassWebView.swift in Sources */,
				26DA9647069B4E4C811E1A6E /* WebViewCoordinator.swift in Sources */,
				70D49EA8D93346D884605BD1 /* NativeBridge.swift in Sources */,
				067EADF081A541C3B9D6849C /* HapticService.swift in Sources */,
				EEC2D1B30A4A43518950396E /* LocationService.swift in Sources */,
				9664F7B3FA974F1A9BF37D0F /* NotificationService.swift in Sources */,
				687B2EE135AA48B49EFA41BE /* BiometricService.swift in Sources */,
				0E1DB149EFE141FBB0594A91 /* ApplePayService.swift in Sources */,
				B62D32780FBB4339A9D66C4C /* CacheManager.swift in Sources */,
			);
			runOnlyForDeploymentPostprocessing = 0;
		};
/* End PBXSourcesBuildPhase section */

/* Begin XCBuildConfiguration section */
		8851B277D0BF4825B0AC6855 /* Debug */ = {
			isa = XCBuildConfiguration;
			buildSettings = {
				ALWAYS_SEARCH_USER_PATHS = NO;
				CLANG_WARN_BOOL_CONVERSION = YES;
				CLANG_WARN_EMPTY_BODY = YES;
				CLANG_WARN_ENUM_CONVERSION = YES;
				CLANG_WARN_INT_CONVERSION = YES;
				CLANG_WARN_UNREACHABLE_CODE = YES;
				ENABLE_STRICT_OBJC_MSGSEND = YES;
				GCC_C_LANGUAGE_STANDARD = gnu17;
				GCC_WARN_ABOUT_RETURN_TYPE = YES_ERROR;
				GCC_WARN_UNDECLARED_SELECTOR = YES;
				GCC_WARN_UNINITIALIZED_AUTOS = YES_AGGRESSIVE;
				GCC_WARN_UNUSED_FUNCTION = YES;
				GCC_WARN_UNUSED_VARIABLE = YES;
				IPHONEOS_DEPLOYMENT_TARGET = 17.0;
				MTL_ENABLE_DEBUG_INFO = INCLUDE_SOURCE;
				SDKROOT = iphoneos;
				SWIFT_ACTIVE_COMPILATION_CONDITIONS = DEBUG;
				VALIDATE_PRODUCT = NO;
				ONLY_ACTIVE_ARCH = YES;
			};
			name = Debug;
		};
		58D3A30EF4FF4489B6DE145A /* Release */ = {
			isa = XCBuildConfiguration;
			buildSettings = {
				ALWAYS_SEARCH_USER_PATHS = NO;
				CLANG_WARN_BOOL_CONVERSION = YES;
				CLANG_WARN_EMPTY_BODY = YES;
				CLANG_WARN_ENUM_CONVERSION = YES;
				CLANG_WARN_INT_CONVERSION = YES;
				CLANG_WARN_UNREACHABLE_CODE = YES;
				ENABLE_STRICT_OBJC_MSGSEND = YES;
				GCC_C_LANGUAGE_STANDARD = gnu17;
				GCC_WARN_ABOUT_RETURN_TYPE = YES_ERROR;
				GCC_WARN_UNDECLARED_SELECTOR = YES;
				GCC_WARN_UNINITIALIZED_AUTOS = YES_AGGRESSIVE;
				GCC_WARN_UNUSED_FUNCTION = YES;
				GCC_WARN_UNUSED_VARIABLE = YES;
				IPHONEOS_DEPLOYMENT_TARGET = 17.0;
				MTL_ENABLE_DEBUG_INFO = NO;
				SDKROOT = iphoneos;
				SWIFT_ACTIVE_COMPILATION_CONDITIONS = "";
				VALIDATE_PRODUCT = YES;
			};
			name = Release;
		};
		C84BC52BE99C41E194BC2C73 /* Debug */ = {
			isa = XCBuildConfiguration;
			buildSettings = {
				ASSETCATALOG_COMPILER_APPICON_NAME = AppIcon;
				CODE_SIGN_STYLE = Automatic;
				CURRENT_PROJECT_VERSION = 1;
				GENERATE_INFOPLIST_FILE = NO;
				INFOPLIST_FILE = BarPass/Resources/Info.plist;
				IPHONEOS_DEPLOYMENT_TARGET = 17.0;
				MARKETING_VERSION = 1.0;
				CODE_SIGN_ENTITLEMENTS = BarPass/Resources/BarPass.entitlements;
				PRODUCT_BUNDLE_IDENTIFIER = com.barpass.app;
				PRODUCT_NAME = $(TARGET_NAME);
				SWIFT_EMIT_LOC_STRINGS = YES;
				SWIFT_VERSION = 6.0;
				TARGETED_DEVICE_FAMILY = "1,2";
				SWIFT_OPTIMIZATION_LEVEL = "-Onone";
			};
			name = Debug;
		};
		E49492E4316A49D0AEA66FE7 /* Release */ = {
			isa = XCBuildConfiguration;
			buildSettings = {
				ASSETCATALOG_COMPILER_APPICON_NAME = AppIcon;
				CODE_SIGN_STYLE = Automatic;
				CURRENT_PROJECT_VERSION = 1;
				GENERATE_INFOPLIST_FILE = NO;
				INFOPLIST_FILE = BarPass/Resources/Info.plist;
				IPHONEOS_DEPLOYMENT_TARGET = 17.0;
				MARKETING_VERSION = 1.0;
				CODE_SIGN_ENTITLEMENTS = BarPass/Resources/BarPass.entitlements;
				PRODUCT_BUNDLE_IDENTIFIER = com.barpass.app;
				PRODUCT_NAME = $(TARGET_NAME);
				SWIFT_EMIT_LOC_STRINGS = YES;
				SWIFT_VERSION = 6.0;
				TARGETED_DEVICE_FAMILY = "1,2";
				SWIFT_OPTIMIZATION_LEVEL = "-Owholemodule";
			};
			name = Release;
		};
/* End XCBuildConfiguration section */

/* Begin XCConfigurationList section */
		5E6A2017B8DA471F99E76D47 /* Build configuration list for PBXProject "BarPass" */ = {
			isa = XCConfigurationList;
			buildConfigurations = (8851B277D0BF4825B0AC6855 /* Debug */, 58D3A30EF4FF4489B6DE145A /* Release */,);
			defaultConfigurationIsVisible = 0;
			defaultConfigurationName = Release;
		};
		87574B883D6B4AF49F65714F /* Build configuration list for PBXNativeTarget "BarPass" */ = {
			isa = XCConfigurationList;
			buildConfigurations = (C84BC52BE99C41E194BC2C73 /* Debug */, E49492E4316A49D0AEA66FE7 /* Release */,);
			defaultConfigurationIsVisible = 0;
			defaultConfigurationName = Release;
		};
/* End XCConfigurationList section */
	};
	rootObject = 07642DF6554F4BB299F489F5 /* Project object */;
}