// !$*UTF8*$!
{
	archiveVersion = 1;
	classes = {};
	objectVersion = 56;
	objects = {
/* Begin PBXBuildFile section */
		269568450D87F6E0BCC2D45D /* BarPassApp.swift in Sources */ = {isa = PBXBuildFile; fileRef = 32C2B4052F76F281E013574B /* BarPassApp.swift */; };
		8A6FA1488FFA29479815A12B /* ContentView.swift in Sources */ = {isa = PBXBuildFile; fileRef = 38F5B51E251A597743BA391D /* ContentView.swift */; };
		D95C2E0E44ACA4D25BC59246 /* Assets.xcassets in Resources */ = {isa = PBXBuildFile; fileRef = 4BBB33E2E51FAD6570CF4B94 /* Assets.xcassets */; };
		FE08A51B64C615A89E7736FC /* index.html in Resources */ = {isa = PBXBuildFile; fileRef = 07804B32ABE279E4BA6CF152 /* index.html */; };

/* Begin PBXFileReference section */
		32C2B4052F76F281E013574B /* BarPassApp.swift */ = {isa = PBXFileReference; lastKnownFileType = sourcecode.swift; name = "BarPassApp.swift"; path = "BarPassApp.swift"; sourceTree = "<group>"; };
		38F5B51E251A597743BA391D /* ContentView.swift */ = {isa = PBXFileReference; lastKnownFileType = sourcecode.swift; name = "ContentView.swift"; path = "ContentView.swift"; sourceTree = "<group>"; };
		4BBB33E2E51FAD6570CF4B94 /* Assets.xcassets */ = {isa = PBXFileReference; lastKnownFileType = folder.assetcatalog; name = "Assets.xcassets"; path = "Assets.xcassets"; sourceTree = "<group>"; };
		07804B32ABE279E4BA6CF152 /* index.html */ = {isa = PBXFileReference; lastKnownFileType = file.html; name = "index.html"; path = "index.html"; sourceTree = "<group>"; };
		5C883A782022B05BFB161708 /* Info.plist */ = {isa = PBXFileReference; lastKnownFileType = text.plist.xml; name = "Info.plist"; path = "Info.plist"; sourceTree = "<group>"; };
		2544E5B1E7659A7BA6F06444 /* BarPass.app */ = {isa = PBXFileReference; explicitFileType = wrapper.application; includeInIndex = 0; path = "BarPass.app"; sourceTree = "BUILT_PRODUCTS_DIR"; };

/* Begin PBXFrameworksBuildPhase section */
		B0261F94E433FFBD41482CE0 = {
			isa = PBXFrameworksBuildPhase;
			buildActionMask = 2147483647;
			files = ();
			runOnlyForDeploymentPostprocessing = 0;
		};

/* Begin PBXGroup section */
		BC27EAD64BDAEB3A7DA1A1C6 = {
			isa = PBXGroup;
			children = (
				92DE31D9F1369CE2CBD78AD3,
				575667C22A163AD2B021A4AE,
			);
			sourceTree = "<group>";
		};

		92DE31D9F1369CE2CBD78AD3 = {
			isa = PBXGroup;
			children = (
				32C2B4052F76F281E013574B /* BarPassApp.swift */,
				38F5B51E251A597743BA391D /* ContentView.swift */,
				5C883A782022B05BFB161708 /* Info.plist */,
				4BBB33E2E51FAD6570CF4B94 /* Assets.xcassets */,
				2DD3138EA90FE898CC9EA71B /* web */,
			);
			path = "BarPass";
			sourceTree = "<group>";
		};

		2DD3138EA90FE898CC9EA71B = {
			isa = PBXGroup;
			children = (
				07804B32ABE279E4BA6CF152 /* index.html */,
			);
			name = "web";
			path = "web";
			sourceTree = "<group>";
		};

		575667C22A163AD2B021A4AE = {
			isa = PBXGroup;
			children = (
				2544E5B1E7659A7BA6F06444 /* BarPass.app */,
			);
			name = "Products";
			sourceTree = "<group>";
		};

/* Begin PBXNativeTarget section */
		730950AD798A77AD508AA9E2 = {
			isa = PBXNativeTarget;
			buildConfigurationList = 374B1E679E13BF4D55225E29 /* Build configuration list for PBXNativeTarget "BarPass" */;
			buildPhases = (
				5561854286CD2B02EE19DC79,
				B0261F94E433FFBD41482CE0,
				71B0D768E64041F0A4F2FE6C,
			);
			buildRules = ();
			dependencies = ();
			name = "BarPass";
			productName = "BarPass";
			productReference = 2544E5B1E7659A7BA6F06444;
			productType = "com.apple.product-type.application";
		};

/* Begin PBXProject section */
		1781F676DEDF5767F3243DB0 = {
			isa = PBXProject;
			buildConfigurationList = 59F8775CCDBD61AEC0A4D886 /* Build configuration list for PBXProject "BarPass" */;
			compatibilityVersion = "Xcode 14.0";
			developmentRegion = "en";
			hasScannedForEncodings = 0;
			knownRegions = ("en", "Base");
			mainGroup = BC27EAD64BDAEB3A7DA1A1C6;
			productRefGroup = 575667C22A163AD2B021A4AE;
			projectDirPath = "";
			projectRoot = "";
			targets = (
				730950AD798A77AD508AA9E2,
			);
		};

/* Begin PBXResourcesBuildPhase section */
		71B0D768E64041F0A4F2FE6C = {
			isa = PBXResourcesBuildPhase;
			buildActionMask = 2147483647;
			files = (
				D95C2E0E44ACA4D25BC59246 /* Assets.xcassets in Resources */,
				FE08A51B64C615A89E7736FC /* index.html in Resources */,
			);
			runOnlyForDeploymentPostprocessing = 0;
		};

/* Begin PBXSourcesBuildPhase section */
		5561854286CD2B02EE19DC79 = {
			isa = PBXSourcesBuildPhase;
			buildActionMask = 2147483647;
			files = (
				269568450D87F6E0BCC2D45D /* BarPassApp.swift in Sources */,
				8A6FA1488FFA29479815A12B /* ContentView.swift in Sources */,
			);
			runOnlyForDeploymentPostprocessing = 0;
		};

		E8CB2BBABE4DE8E3ABCAF946 = {
			isa = XCBuildConfiguration;
			buildSettings = {
				ASSETCATALOG_COMPILER_APPICON_NAME = "AppIcon";
				CODE_SIGN_STYLE = "Automatic";
				DEVELOPMENT_TEAM = "";
				INFOPLIST_FILE = "BarPass/Info.plist";
				IPHONEOS_DEPLOYMENT_TARGET = "16.0";
				PRODUCT_BUNDLE_IDENTIFIER = "com.barpass";
				PRODUCT_NAME = "BarPass";
				SWIFT_VERSION = "5.0";
				TARGETED_DEVICE_FAMILY = "1";
			};
			name = "Debug";
		};

		53EA1E1889D1930615BA8914 = {
			isa = XCBuildConfiguration;
			buildSettings = {
				ASSETCATALOG_COMPILER_APPICON_NAME = "AppIcon";
				CODE_SIGN_STYLE = "Automatic";
				DEVELOPMENT_TEAM = "";
				INFOPLIST_FILE = "BarPass/Info.plist";
				IPHONEOS_DEPLOYMENT_TARGET = "16.0";
				PRODUCT_BUNDLE_IDENTIFIER = "com.barpass";
				PRODUCT_NAME = "BarPass";
				SWIFT_VERSION = "5.0";
				TARGETED_DEVICE_FAMILY = "1";
			};
			name = "Release";
		};

		36DC5DA95B2E2B89087EEEDA = {
			isa = XCBuildConfiguration;
			buildSettings = {
				ALWAYS_SEARCH_USER_PATHS = NO;
				CLANG_ENABLE_MODULES = YES;
				CLANG_ENABLE_OBJC_ARC = YES;
				IPHONEOS_DEPLOYMENT_TARGET = "16.0";
				SDKROOT = "iphoneos";
				SWIFT_VERSION = "5.0";
			};
			name = "Debug";
		};

		180A57BC5ECDCEA06DEB2686 = {
			isa = XCBuildConfiguration;
			buildSettings = {
				ALWAYS_SEARCH_USER_PATHS = NO;
				CLANG_ENABLE_MODULES = YES;
				CLANG_ENABLE_OBJC_ARC = YES;
				IPHONEOS_DEPLOYMENT_TARGET = "16.0";
				SDKROOT = "iphoneos";
				SWIFT_VERSION = "5.0";
			};
			name = "Release";
		};

/* Begin XCConfigurationList section */
		374B1E679E13BF4D55225E29 = {
			isa = XCConfigurationList;
			buildConfigurations = (
				E8CB2BBABE4DE8E3ABCAF946,
				53EA1E1889D1930615BA8914,
			);
			defaultConfigurationIsVisible = 0;
			defaultConfigurationName = "Release";
		};

		59F8775CCDBD61AEC0A4D886 = {
			isa = XCConfigurationList;
			buildConfigurations = (
				36DC5DA95B2E2B89087EEEDA,
				180A57BC5ECDCEA06DEB2686,
			);
			defaultConfigurationIsVisible = 0;
			defaultConfigurationName = "Release";
		};

	};
	rootObject = 1781F676DEDF5767F3243DB0 /* Project object */;
}
