// !$*UTF8*$!
{
	archiveVersion = 1;
	classes = {
	};
	objectVersion = 56;
	objects = {

/* Begin PBXBuildFile section */
		01609A069EE22D5E5CDAF602 /* EventTicket.swift in Sources */ = {isa = PBXBuildFile; fileRef = FB5086AAE9CBD601116597BE /* EventTicket.swift */; };
		045900B0B0374875CD4DF42D /* KeychainServiceTests.swift in Sources */ = {isa = PBXBuildFile; fileRef = 856638E27CF7A56A57535A80 /* KeychainServiceTests.swift */; };
		247910BD9F5933841A403D3A /* ExperienceScorerTests.swift in Sources */ = {isa = PBXBuildFile; fileRef = 7B25282D5543608685CFCACF /* ExperienceScorerTests.swift */; };
		2A0BC0EA1346366A63326961 /* CartItem.swift in Sources */ = {isa = PBXBuildFile; fileRef = 8568370BB34F88D6D61CD5B2 /* CartItem.swift */; };
		30D51A75A5B95FDE56B0FBB0 /* CartView.swift in Sources */ = {isa = PBXBuildFile; fileRef = ECEA1F54438283EF27ED535E /* CartView.swift */; };
		345EF762F181F05CFC873285 /* DeleteAccountView.swift in Sources */ = {isa = PBXBuildFile; fileRef = 93B241CAA60BB6EFC53D26A1 /* DeleteAccountView.swift */; };
		3B997A737FD4B9BDABFA9D2B /* ModelCodableTests.swift in Sources */ = {isa = PBXBuildFile; fileRef = BF31AC3E1809B2072DE6CA9C /* ModelCodableTests.swift */; };
		4AD4CD88E1366A6ACA462B08 /* CardPaymentView.swift in Sources */ = {isa = PBXBuildFile; fileRef = 5537BE5E60B5E2B88983E17D /* CardPaymentView.swift */; };
		4E168AA3A3AFCB6213C96918 /* ActiveTicketView.swift in Sources */ = {isa = PBXBuildFile; fileRef = AF70D02E008F3D9BF18B5C2A /* ActiveTicketView.swift */; };
		6DB2BBFD9C2F38D3220A684A /* HypeEngineTests.swift in Sources */ = {isa = PBXBuildFile; fileRef = 4C3963062AE9823148A85E40 /* HypeEngineTests.swift */; };
		7B6B03398BDEC6245300D80C /* SkipLinePass.swift in Sources */ = {isa = PBXBuildFile; fileRef = 153300EE3F4D2CCA932EBDCB /* SkipLinePass.swift */; };
		7D22239A32057DDDC1688082 /* ReservationConfirmView.swift in Sources */ = {isa = PBXBuildFile; fileRef = EA727DF04AFC4355197DDF95 /* ReservationConfirmView.swift */; };
		80A5280DA8DF78405C1E0A01 /* TableReservation.swift in Sources */ = {isa = PBXBuildFile; fileRef = CA759652D778C1B0CD58E463 /* TableReservation.swift */; };
		8A1DDE6046186E41A8635D09 /* ActivePassView.swift in Sources */ = {isa = PBXBuildFile; fileRef = D0C516E6C74A66937CBB9B8F /* ActivePassView.swift */; };
		A957F031255C8A30AB61608E /* EventTicketsView.swift in Sources */ = {isa = PBXBuildFile; fileRef = 138CCFF5EDE420FFDFA78DC8 /* EventTicketsView.swift */; };
		AA0000010000000000000001 /* BarPassApp.swift in Sources */ = {isa = PBXBuildFile; fileRef = AA0000020000000000000001 /* BarPassApp.swift */; };
		AA0000010000000000000002 /* AppState.swift in Sources */ = {isa = PBXBuildFile; fileRef = AA0000020000000000000002 /* AppState.swift */; };
		AA0000010000000000000003 /* RootView.swift in Sources */ = {isa = PBXBuildFile; fileRef = AA0000020000000000000003 /* RootView.swift */; };
		AA0000010000000000000004 /* SplashView.swift in Sources */ = {isa = PBXBuildFile; fileRef = AA0000020000000000000004 /* SplashView.swift */; };
		AA0000010000000000000009 /* LocationService.swift in Sources */ = {isa = PBXBuildFile; fileRef = AA0000020000000000000009 /* LocationService.swift */; };
		AA000001000000000000000A /* NotificationService.swift in Sources */ = {isa = PBXBuildFile; fileRef = AA000002000000000000000A /* NotificationService.swift */; };
		AA000001000000000000000B /* BiometricService.swift in Sources */ = {isa = PBXBuildFile; fileRef = AA000002000000000000000B /* BiometricService.swift */; };
		AA000001000000000000000C /* ApplePayService.swift in Sources */ = {isa = PBXBuildFile; fileRef = AA000002000000000000000C /* ApplePayService.swift */; };
		AA000001000000000000000D /* CacheManager.swift in Sources */ = {isa = PBXBuildFile; fileRef = AA000002000000000000000D /* CacheManager.swift */; };
		AA000001000000000000000F /* Assets.xcassets in Resources */ = {isa = PBXBuildFile; fileRef = AA000002000000000000000F /* Assets.xcassets */; };
		AGGT02000000000000RP01 /* AgeGateService.swift in Sources */ = {isa = PBXBuildFile; fileRef = AGGT01000000000000RP01 /* AgeGateService.swift */; };
		AGGT04000000000000RP01 /* AgeGateView.swift in Sources */ = {isa = PBXBuildFile; fileRef = AGGT03000000000000RP01 /* AgeGateView.swift */; };
		AMPS02000000000000RP01 /* AppleMusicPlaybackService.swift in Sources */ = {isa = PBXBuildFile; fileRef = AMPS01000000000000RP01 /* AppleMusicPlaybackService.swift */; };
		AMSC02000000000000RP01 /* AppleMusicSource.swift in Sources */ = {isa = PBXBuildFile; fileRef = AMSC01000000000000RP01 /* AppleMusicSource.swift */; };
		AN0000010000000000000001 /* AnalyticsService.swift in Sources */ = {isa = PBXBuildFile; fileRef = AN0000020000000000000001 /* AnalyticsService.swift */; };
		AUTP02000000000000RP01 /* AutoplayPreference.swift in Sources */ = {isa = PBXBuildFile; fileRef = AUTP01000000000000RP01 /* AutoplayPreference.swift */; };
		BB000001000000000000000E /* barpass-logo.svg in Resources */ = {isa = PBXBuildFile; fileRef = BB000002000000000000000E /* barpass-logo.svg */; };
		BBAAF54C30060C2A00E490E9 /* Stripe in Frameworks */ = {isa = PBXBuildFile; productRef = SPM00000000000000000002 /* Stripe */; };
		CC000001000000000000LG01 /* venue_logos.json in Resources */ = {isa = PBXBuildFile; fileRef = CC000002000000000000LG01 /* venue_logos.json */; };
		CC000001000000000000LG02 /* VenueLogos.swift in Sources */ = {isa = PBXBuildFile; fileRef = CC000002000000000000LG02 /* VenueLogos.swift */; };
		CC000001000000000000ME01 /* venue_media.json in Resources */ = {isa = PBXBuildFile; fileRef = CC000002000000000000ME01 /* venue_media.json */; };
		CEF97FC6EA40560FF2D7D0EF /* SkipLinePassView.swift in Sources */ = {isa = PBXBuildFile; fileRef = 8C54DE23E3FEFE20783A41C3 /* SkipLinePassView.swift */; };
		DDC733155D1594F75D48A1D0 /* TableReservationView.swift in Sources */ = {isa = PBXBuildFile; fileRef = C2F2D00744D57ECA5B25B120 /* TableReservationView.swift */; };
		E44CDF7872A2DD52484EE256 /* CartStore.swift in Sources */ = {isa = PBXBuildFile; fileRef = 3AA3D664AAE5148E8E014E77 /* CartStore.swift */; };
		EBF12578C120CFBF1FA60335 /* PriorityEntryHubView.swift in Sources */ = {isa = PBXBuildFile; fileRef = 2373126D43DE228E7095F6A2 /* PriorityEntryHubView.swift */; };
		EDTV04000000000000RP01 /* EditTripView.swift in Sources */ = {isa = PBXBuildFile; fileRef = EDTV03000000000000RP01 /* EditTripView.swift */; };
		EE000002000000000000001A /* NativeAuthView.swift in Sources */ = {isa = PBXBuildFile; fileRef = EE000001000000000000001A /* NativeAuthView.swift */; };
		EF000002000000000000RP01 /* EventFlyerCard.swift in Sources */ = {isa = PBXBuildFile; fileRef = EF000001000000000000RP01 /* EventFlyerCard.swift */; };
		EXEN04000000000000RP01 /* ExperienceEngine.swift in Sources */ = {isa = PBXBuildFile; fileRef = EXEN03000000000000RP01 /* ExperienceEngine.swift */; };
		EXSC04000000000000RP01 /* ExperienceScorer.swift in Sources */ = {isa = PBXBuildFile; fileRef = EXSC03000000000000RP01 /* ExperienceScorer.swift */; };
		F1BA46464607754B4A2D0728 /* Foundation.framework in Frameworks */ = {isa = PBXBuildFile; fileRef = 7DF352B37244C7C0F8C8D874 /* Foundation.framework */; };
		FAVS02000000000000RP01 /* FavoritesStore.swift in Sources */ = {isa = PBXBuildFile; fileRef = FAVS01000000000000RP01 /* FavoritesStore.swift */; };
		FF000002000000000000AA01 /* MainTabView.swift in Sources */ = {isa = PBXBuildFile; fileRef = FF000001000000000000AA01 /* MainTabView.swift */; };
		FF000002000000000000AA02 /* TonightView.swift in Sources */ = {isa = PBXBuildFile; fileRef = FF000001000000000000AA02 /* TonightView.swift */; };
		FF000002000000000000AA03 /* VenueDetailView.swift in Sources */ = {isa = PBXBuildFile; fileRef = FF000001000000000000AA03 /* VenueDetailView.swift */; };
		FF000002000000000000AA04 /* ExploreView.swift in Sources */ = {isa = PBXBuildFile; fileRef = FF000001000000000000AA04 /* ExploreView.swift */; };
		FF000002000000000000AA05 /* PlanView.swift in Sources */ = {isa = PBXBuildFile; fileRef = FF000001000000000000AA05 /* PlanView.swift */; };
		FF000002000000000000AA06 /* ProfileView.swift in Sources */ = {isa = PBXBuildFile; fileRef = FF000001000000000000AA06 /* ProfileView.swift */; };
		FF000002000000000000AA07 /* OnboardingVideoView.swift in Sources */ = {isa = PBXBuildFile; fileRef = FF000001000000000000AA07 /* OnboardingVideoView.swift */; };
		FF000002000000000000AA08 /* Venue.swift in Sources */ = {isa = PBXBuildFile; fileRef = FF000001000000000000AA08 /* Venue.swift */; };
		FF000002000000000000AA09 /* VenueStore.swift in Sources */ = {isa = PBXBuildFile; fileRef = FF000001000000000000AA09 /* VenueStore.swift */; };
		FF000002000000000000AA10 /* DesignSystem.swift in Sources */ = {isa = PBXBuildFile; fileRef = FF000001000000000000AA10 /* DesignSystem.swift */; };
		FF000002000000000000AA11 /* VenueRepository.swift in Sources */ = {isa = PBXBuildFile; fileRef = FF000001000000000000AA11 /* VenueRepository.swift */; };
		FF000002000000000000AA12 /* LocalVenueRepository.swift in Sources */ = {isa = PBXBuildFile; fileRef = FF000001000000000000AA12 /* LocalVenueRepository.swift */; };
		FF000002000000000000AA13 /* RepositoryDependencies.swift in Sources */ = {isa = PBXBuildFile; fileRef = FF000001000000000000AA13 /* RepositoryDependencies.swift */; };
		FF000002000000000000AA14 /* SupabaseVenueRepository.swift in Sources */ = {isa = PBXBuildFile; fileRef = FF000001000000000000AA14 /* SupabaseVenueRepository.swift */; };
		FF000002000000000000AA20 /* AuthService.swift in Sources */ = {isa = PBXBuildFile; fileRef = FF000001000000000000AA20 /* AuthService.swift */; };
		FF000002000000000000AB01 /* StripeConfig.swift in Sources */ = {isa = PBXBuildFile; fileRef = FF000001000000000000AB01 /* StripeConfig.swift */; };
		FF000002000000000000AB02 /* APIClient.swift in Sources */ = {isa = PBXBuildFile; fileRef = FF000001000000000000AB02 /* APIClient.swift */; };
		FF000002000000000000AB03 /* WalletPassService.swift in Sources */ = {isa = PBXBuildFile; fileRef = FF000001000000000000AB03 /* WalletPassService.swift */; };
		FF000002000000000000AB04 /* AppleWalletButton.swift in Sources */ = {isa = PBXBuildFile; fileRef = FF000001000000000000AB04 /* AppleWalletButton.swift */; };
		GAMF02000000000000RP01 /* GamificationView.swift in Sources */ = {isa = PBXBuildFile; fileRef = GAMF01000000000000RP01 /* GamificationView.swift */; };
		HYPE02000000000000RP01 /* HypeEngine.swift in Sources */ = {isa = PBXBuildFile; fileRef = HYPE01000000000000RP01 /* HypeEngine.swift */; };
		HYWC02000000000000RP01 /* HypeWeekCard.swift in Sources */ = {isa = PBXBuildFile; fileRef = HYWC01000000000000RP01 /* HypeWeekCard.swift */; };
		IMGC02000000000000RP01 /* ImageCache.swift in Sources */ = {isa = PBXBuildFile; fileRef = IMGC01000000000000RP01 /* ImageCache.swift */; };
		KYCH02000000000000RP01 /* KeychainService.swift in Sources */ = {isa = PBXBuildFile; fileRef = KYCH01000000000000RP01 /* KeychainService.swift */; };
		L10N02000000000000RP01 /* LocalizationService.swift in Sources */ = {isa = PBXBuildFile; fileRef = L10N01000000000000RP01 /* LocalizationService.swift */; };
		MISS02000000000000RP01 /* MissionEngine.swift in Sources */ = {isa = PBXBuildFile; fileRef = MISS01000000000000RP01 /* MissionEngine.swift */; };
		MPAS02000000000000RP01 /* MusicPassport.swift in Sources */ = {isa = PBXBuildFile; fileRef = MPAS01000000000000RP01 /* MusicPassport.swift */; };
		MPBR02000000000000RP01 /* MusicNowPlayingBar.swift in Sources */ = {isa = PBXBuildFile; fileRef = MPBR01000000000000RP01 /* MusicNowPlayingBar.swift */; };
		MPOB02000000000000RP01 /* MusicNowPlayingObserver.swift in Sources */ = {isa = PBXBuildFile; fileRef = MPOB01000000000000RP01 /* MusicNowPlayingObserver.swift */; };
		MSRC02000000000000RP01 /* MusicSource.swift in Sources */ = {isa = PBXBuildFile; fileRef = MSRC01000000000000RP01 /* MusicSource.swift */; };
		NP0000020000000000000001 /* NightPlan.swift in Sources */ = {isa = PBXBuildFile; fileRef = NP0000010000000000000001 /* NightPlan.swift */; };
		NP000002000000000000RP01 /* NightPlanner.swift in Sources */ = {isa = PBXBuildFile; fileRef = NP000001000000000000RP01 /* NightPlanner.swift */; };
		PREP02000000000000RP01 /* PostRepository.swift in Sources */ = {isa = PBXBuildFile; fileRef = PREP01000000000000RP01 /* PostRepository.swift */; };
		PRIV00000000000000000002 /* PrivacyInfo.xcprivacy in Resources */ = {isa = PBXBuildFile; fileRef = PRIV00000000000000000001 /* PrivacyInfo.xcprivacy */; };
		PY000002000000000000RP01 /* PromptYourNightView.swift in Sources */ = {isa = PBXBuildFile; fileRef = PY000001000000000000RP01 /* PromptYourNightView.swift */; };
		RE0000020000000000000001 /* TripRepository.swift in Sources */ = {isa = PBXBuildFile; fileRef = RE0000010000000000000001 /* TripRepository.swift */; };
		RE0000020000000000000002 /* SupabaseTripRepository.swift in Sources */ = {isa = PBXBuildFile; fileRef = RE0000010000000000000002 /* SupabaseTripRepository.swift */; };
		RE0000020000000000000003 /* PlanRepository.swift in Sources */ = {isa = PBXBuildFile; fileRef = RE0000010000000000000003 /* PlanRepository.swift */; };
		RE0000020000000000000004 /* SupabasePlanRepository.swift in Sources */ = {isa = PBXBuildFile; fileRef = RE0000010000000000000004 /* SupabasePlanRepository.swift */; };
		RVSM02000000000000RP01 /* ReviewSummaryService.swift in Sources */ = {isa = PBXBuildFile; fileRef = RVSM01000000000000RP01 /* ReviewSummaryService.swift */; };
		RVSV02000000000000RP01 /* ReviewSummaryView.swift in Sources */ = {isa = PBXBuildFile; fileRef = RVSV01000000000000RP01 /* ReviewSummaryView.swift */; };
		SPBC02000000000000RP01 /* SupabaseConfig.swift in Sources */ = {isa = PBXBuildFile; fileRef = SPBC01000000000000RP01 /* SupabaseConfig.swift */; };
		SPOT02000000000000RP01 /* SpotifySource.swift in Sources */ = {isa = PBXBuildFile; fileRef = SPOT01000000000000RP01 /* SpotifySource.swift */; };
		THEM02000000000000RP01 /* ThemeService.swift in Sources */ = {isa = PBXBuildFile; fileRef = THEM01000000000000RP01 /* ThemeService.swift */; };
		TR000002000000000000AA01 /* Trip.swift in Sources */ = {isa = PBXBuildFile; fileRef = TR000001000000000000AA01 /* Trip.swift */; };
		TR000002000000000000AA02 /* TripsListView.swift in Sources */ = {isa = PBXBuildFile; fileRef = TR000001000000000000AA02 /* TripsListView.swift */; };
		TR000002000000000000AA03 /* TripCreateFlow.swift in Sources */ = {isa = PBXBuildFile; fileRef = TR000001000000000000AA03 /* TripCreateFlow.swift */; };
		TR000002000000000000AA04 /* TripDetailView.swift in Sources */ = {isa = PBXBuildFile; fileRef = TR000001000000000000AA04 /* TripDetailView.swift */; };
		TR000002000000000000AA05 /* TripSocial.swift in Sources */ = {isa = PBXBuildFile; fileRef = TR000001000000000000AA05 /* TripSocial.swift */; };
		TR000002000000000000RP01 /* LocalTripRepository.swift in Sources */ = {isa = PBXBuildFile; fileRef = TR000001000000000000RP01 /* LocalTripRepository.swift */; };
		TRIV02000000000000RP01 /* TriviaEngine.swift in Sources */ = {isa = PBXBuildFile; fileRef = TRIV01000000000000RP01 /* TriviaEngine.swift */; };
		TS0000020000000000000001 /* TripStore.swift in Sources */ = {isa = PBXBuildFile; fileRef = TS0000010000000000000001 /* TripStore.swift */; };
		VEVW04000000000000RP01 /* VerifyEmailView.swift in Sources */ = {isa = PBXBuildFile; fileRef = VEVW03000000000000RP01 /* VerifyEmailView.swift */; };
		VPSC02000000000000RP01 /* VenuePostsSection.swift in Sources */ = {isa = PBXBuildFile; fileRef = VPSC01000000000000RP01 /* VenuePostsSection.swift */; };
		VPST02000000000000RP01 /* VenuePost.swift in Sources */ = {isa = PBXBuildFile; fileRef = VPST01000000000000RP01 /* VenuePost.swift */; };
		VTS004000000000000RP01 /* VenueTimeStatus.swift in Sources */ = {isa = PBXBuildFile; fileRef = VTS003000000000000RP01 /* VenueTimeStatus.swift */; };
		WLT002000000000000RP01 /* WalletService.swift in Sources */ = {isa = PBXBuildFile; fileRef = WLT001000000000000RP01 /* WalletService.swift */; };
		WLT004000000000000RP01 /* WalletTopUpView.swift in Sources */ = {isa = PBXBuildFile; fileRef = WLT003000000000000RP01 /* WalletTopUpView.swift */; };
		WLT006000000000000RP01 /* OrderHistoryView.swift in Sources */ = {isa = PBXBuildFile; fileRef = WLT005000000000000RP01 /* OrderHistoryView.swift */; };
		WLT008000000000000RP01 /* OrderHistoryService.swift in Sources */ = {isa = PBXBuildFile; fileRef = WLT007000000000000RP01 /* OrderHistoryService.swift */; };
		XPEN02000000000000RP01 /* PointsEngine.swift in Sources */ = {isa = PBXBuildFile; fileRef = XPEN01000000000000RP01 /* PointsEngine.swift */; };
/* End PBXBuildFile section */

/* Begin PBXContainerItemProxy section */
		0BB1E0328DD66CE1A8E99EC3 /* PBXContainerItemProxy */ = {
			isa = PBXContainerItemProxy;
			containerPortal = AA0000070000000000000000 /* Project object */;
			proxyType = 1;
			remoteGlobalIDString = AA0000050000000000000000;
			remoteInfo = "BarPass app";
		};
/* End PBXContainerItemProxy section */

/* Begin PBXFileReference section */
		0A200C69C860B34D942241B9 /* BarPassTests.xctest */ = {isa = PBXFileReference; explicitFileType = wrapper.cfbundle; includeInIndex = 0; path = BarPassTests.xctest; sourceTree = BUILT_PRODUCTS_DIR; };
		138CCFF5EDE420FFDFA78DC8 /* EventTicketsView.swift */ = {isa = PBXFileReference; lastKnownFileType = sourcecode.swift; path = EventTicketsView.swift; sourceTree = "<group>"; };
		153300EE3F4D2CCA932EBDCB /* SkipLinePass.swift */ = {isa = PBXFileReference; lastKnownFileType = sourcecode.swift; path = SkipLinePass.swift; sourceTree = "<group>"; };
		2373126D43DE228E7095F6A2 /* PriorityEntryHubView.swift */ = {isa = PBXFileReference; lastKnownFileType = sourcecode.swift; path = PriorityEntryHubView.swift; sourceTree = "<group>"; };
		3AA3D664AAE5148E8E014E77 /* CartStore.swift */ = {isa = PBXFileReference; lastKnownFileType = sourcecode.swift; path = CartStore.swift; sourceTree = "<group>"; };
		4C3963062AE9823148A85E40 /* HypeEngineTests.swift */ = {isa = PBXFileReference; includeInIndex = 1; lastKnownFileType = sourcecode.swift; name = HypeEngineTests.swift; path = BarPassTests/HypeEngineTests.swift; sourceTree = "<group>"; };
		5537BE5E60B5E2B88983E17D /* CardPaymentView.swift */ = {isa = PBXFileReference; lastKnownFileType = sourcecode.swift; path = CardPaymentView.swift; sourceTree = "<group>"; };
		7B25282D5543608685CFCACF /* ExperienceScorerTests.swift */ = {isa = PBXFileReference; includeInIndex = 1; lastKnownFileType = sourcecode.swift; name = ExperienceScorerTests.swift; path = BarPassTests/ExperienceScorerTests.swift; sourceTree = "<group>"; };
		7DF352B37244C7C0F8C8D874 /* Foundation.framework */ = {isa = PBXFileReference; lastKnownFileType = wrapper.framework; name = Foundation.framework; path = Platforms/iPhoneOS.platform/Developer/SDKs/iPhoneOS26.0.sdk/System/Library/Frameworks/Foundation.framework; sourceTree = DEVELOPER_DIR; };
		856638E27CF7A56A57535A80 /* KeychainServiceTests.swift */ = {isa = PBXFileReference; includeInIndex = 1; lastKnownFileType = sourcecode.swift; name = KeychainServiceTests.swift; path = BarPassTests/KeychainServiceTests.swift; sourceTree = "<group>"; };
		8568370BB34F88D6D61CD5B2 /* CartItem.swift */ = {isa = PBXFileReference; lastKnownFileType = sourcecode.swift; path = CartItem.swift; sourceTree = "<group>"; };
		8C54DE23E3FEFE20783A41C3 /* SkipLinePassView.swift */ = {isa = PBXFileReference; lastKnownFileType = sourcecode.swift; path = SkipLinePassView.swift; sourceTree = "<group>"; };
		93B241CAA60BB6EFC53D26A1 /* DeleteAccountView.swift */ = {isa = PBXFileReference; includeInIndex = 1; lastKnownFileType = sourcecode.swift; path = DeleteAccountView.swift; sourceTree = "<group>"; };
		AA0000020000000000000001 /* BarPassApp.swift */ = {isa = PBXFileReference; lastKnownFileType = sourcecode.swift; path = BarPassApp.swift; sourceTree = "<group>"; };
		AA0000020000000000000002 /* AppState.swift */ = {isa = PBXFileReference; lastKnownFileType = sourcecode.swift; path = AppState.swift; sourceTree = "<group>"; };
		AA0000020000000000000003 /* RootView.swift */ = {isa = PBXFileReference; lastKnownFileType = sourcecode.swift; path = RootView.swift; sourceTree = "<group>"; };
		AA0000020000000000000004 /* SplashView.swift */ = {isa = PBXFileReference; lastKnownFileType = sourcecode.swift; path = SplashView.swift; sourceTree = "<group>"; };
		AA0000020000000000000009 /* LocationService.swift */ = {isa = PBXFileReference; lastKnownFileType = sourcecode.swift; path = LocationService.swift; sourceTree = "<group>"; };
		AA000002000000000000000A /* NotificationService.swift */ = {isa = PBXFileReference; lastKnownFileType = sourcecode.swift; path = NotificationService.swift; sourceTree = "<group>"; };
		AA000002000000000000000B /* BiometricService.swift */ = {isa = PBXFileReference; lastKnownFileType = sourcecode.swift; path = BiometricService.swift; sourceTree = "<group>"; };
		AA000002000000000000000C /* ApplePayService.swift */ = {isa = PBXFileReference; lastKnownFileType = sourcecode.swift; path = ApplePayService.swift; sourceTree = "<group>"; };
		AA000002000000000000000D /* CacheManager.swift */ = {isa = PBXFileReference; lastKnownFileType = sourcecode.swift; path = CacheManager.swift; sourceTree = "<group>"; };
		AA000002000000000000000F /* Assets.xcassets */ = {isa = PBXFileReference; lastKnownFileType = folder.assetcatalog; path = Assets.xcassets; sourceTree = "<group>"; };
		AA00000200000000000000A0 /* Info.plist */ = {isa = PBXFileReference; lastKnownFileType = text.plist.xml; path = Info.plist; sourceTree = "<group>"; };
		AA00000200000000000000A1 /* BarPass app.app */ = {isa = PBXFileReference; explicitFileType = wrapper.application; includeInIndex = 0; path = "BarPass app.app"; sourceTree = BUILT_PRODUCTS_DIR; };
		AF70D02E008F3D9BF18B5C2A /* ActiveTicketView.swift */ = {isa = PBXFileReference; lastKnownFileType = sourcecode.swift; path = ActiveTicketView.swift; sourceTree = "<group>"; };
		AGGT01000000000000RP01 /* AgeGateService.swift */ = {isa = PBXFileReference; lastKnownFileType = sourcecode.swift; name = AgeGateService.swift; path = BarPass/Core/Services/AgeGateService.swift; sourceTree = SOURCE_ROOT; };
		AGGT03000000000000RP01 /* AgeGateView.swift */ = {isa = PBXFileReference; lastKnownFileType = sourcecode.swift; name = AgeGateView.swift; path = BarPass/Features/Onboarding/AgeGateView.swift; sourceTree = SOURCE_ROOT; };
		AMPS01000000000000RP01 /* AppleMusicPlaybackService.swift */ = {isa = PBXFileReference; lastKnownFileType = sourcecode.swift; name = AppleMusicPlaybackService.swift; path = BarPass/Core/Music/AppleMusicPlaybackService.swift; sourceTree = SOURCE_ROOT; };
		AMSC01000000000000RP01 /* AppleMusicSource.swift */ = {isa = PBXFileReference; lastKnownFileType = sourcecode.swift; name = AppleMusicSource.swift; path = BarPass/Core/Music/AppleMusicSource.swift; sourceTree = SOURCE_ROOT; };
		AN0000020000000000000001 /* AnalyticsService.swift */ = {isa = PBXFileReference; lastKnownFileType = sourcecode.swift; name = AnalyticsService.swift; path = BarPass/Core/Services/AnalyticsService.swift; sourceTree = SOURCE_ROOT; };
		AUTP01000000000000RP01 /* AutoplayPreference.swift */ = {isa = PBXFileReference; lastKnownFileType = sourcecode.swift; name = AutoplayPreference.swift; path = BarPass/Core/Music/AutoplayPreference.swift; sourceTree = SOURCE_ROOT; };
		BB000002000000000000000E /* barpass-logo.svg */ = {isa = PBXFileReference; lastKnownFileType = image.svg; path = "barpass-logo.svg"; sourceTree = "<group>"; };
		BF31AC3E1809B2072DE6CA9C /* ModelCodableTests.swift */ = {isa = PBXFileReference; includeInIndex = 1; lastKnownFileType = sourcecode.swift; name = ModelCodableTests.swift; path = BarPassTests/ModelCodableTests.swift; sourceTree = "<group>"; };
		C2F2D00744D57ECA5B25B120 /* TableReservationView.swift */ = {isa = PBXFileReference; lastKnownFileType = sourcecode.swift; path = TableReservationView.swift; sourceTree = "<group>"; };
		CA759652D778C1B0CD58E463 /* TableReservation.swift */ = {isa = PBXFileReference; lastKnownFileType = sourcecode.swift; path = TableReservation.swift; sourceTree = "<group>"; };
		CC000002000000000000LG01 /* venue_logos.json */ = {isa = PBXFileReference; lastKnownFileType = text.json; path = venue_logos.json; sourceTree = "<group>"; };
		CC000002000000000000LG02 /* VenueLogos.swift */ = {isa = PBXFileReference; lastKnownFileType = sourcecode.swift; path = VenueLogos.swift; sourceTree = "<group>"; };
		CC000002000000000000ME01 /* venue_media.json */ = {isa = PBXFileReference; lastKnownFileType = text.json; path = venue_media.json; sourceTree = "<group>"; };
		D0C516E6C74A66937CBB9B8F /* ActivePassView.swift */ = {isa = PBXFileReference; lastKnownFileType = sourcecode.swift; path = ActivePassView.swift; sourceTree = "<group>"; };
		EA727DF04AFC4355197DDF95 /* ReservationConfirmView.swift */ = {isa = PBXFileReference; lastKnownFileType = sourcecode.swift; path = ReservationConfirmView.swift; sourceTree = "<group>"; };
		ECEA1F54438283EF27ED535E /* CartView.swift */ = {isa = PBXFileReference; lastKnownFileType = sourcecode.swift; path = CartView.swift; sourceTree = "<group>"; };
		EDTV03000000000000RP01 /* EditTripView.swift */ = {isa = PBXFileReference; lastKnownFileType = sourcecode.swift; name = EditTripView.swift; path = BarPass/Features/Trips/EditTripView.swift; sourceTree = SOURCE_ROOT; };
		EE000001000000000000001A /* NativeAuthView.swift */ = {isa = PBXFileReference; lastKnownFileType = sourcecode.swift; path = NativeAuthView.swift; sourceTree = "<group>"; };
		EF000001000000000000RP01 /* EventFlyerCard.swift */ = {isa = PBXFileReference; lastKnownFileType = sourcecode.swift; name = EventFlyerCard.swift; path = BarPass/Features/Tonight/EventFlyerCard.swift; sourceTree = SOURCE_ROOT; };
		EXEN03000000000000RP01 /* ExperienceEngine.swift */ = {isa = PBXFileReference; lastKnownFileType = sourcecode.swift; name = ExperienceEngine.swift; path = BarPass/Models/ExperienceEngine.swift; sourceTree = SOURCE_ROOT; };
		EXSC03000000000000RP01 /* ExperienceScorer.swift */ = {isa = PBXFileReference; lastKnownFileType = sourcecode.swift; name = ExperienceScorer.swift; path = BarPass/Core/Intelligence/ExperienceScorer.swift; sourceTree = SOURCE_ROOT; };
		FAVS01000000000000RP01 /* FavoritesStore.swift */ = {isa = PBXFileReference; lastKnownFileType = sourcecode.swift; name = FavoritesStore.swift; path = BarPass/Core/Services/FavoritesStore.swift; sourceTree = SOURCE_ROOT; };
		FB5086AAE9CBD601116597BE /* EventTicket.swift */ = {isa = PBXFileReference; lastKnownFileType = sourcecode.swift; path = EventTicket.swift; sourceTree = "<group>"; };
		FF000001000000000000AA01 /* MainTabView.swift */ = {isa = PBXFileReference; lastKnownFileType = sourcecode.swift; path = MainTabView.swift; sourceTree = "<group>"; };
		FF000001000000000000AA02 /* TonightView.swift */ = {isa = PBXFileReference; lastKnownFileType = sourcecode.swift; path = TonightView.swift; sourceTree = "<group>"; };
		FF000001000000000000AA03 /* VenueDetailView.swift */ = {isa = PBXFileReference; lastKnownFileType = sourcecode.swift; path = VenueDetailView.swift; sourceTree = "<group>"; };
		FF000001000000000000AA04 /* ExploreView.swift */ = {isa = PBXFileReference; lastKnownFileType = sourcecode.swift; path = ExploreView.swift; sourceTree = "<group>"; };
		FF000001000000000000AA05 /* PlanView.swift */ = {isa = PBXFileReference; lastKnownFileType = sourcecode.swift; path = PlanView.swift; sourceTree = "<group>"; };
		FF000001000000000000AA06 /* ProfileView.swift */ = {isa = PBXFileReference; lastKnownFileType = sourcecode.swift; path = ProfileView.swift; sourceTree = "<group>"; };
		FF000001000000000000AA07 /* OnboardingVideoView.swift */ = {isa = PBXFileReference; lastKnownFileType = sourcecode.swift; path = OnboardingVideoView.swift; sourceTree = "<group>"; };
		FF000001000000000000AA08 /* Venue.swift */ = {isa = PBXFileReference; lastKnownFileType = sourcecode.swift; path = Venue.swift; sourceTree = "<group>"; };
		FF000001000000000000AA09 /* VenueStore.swift */ = {isa = PBXFileReference; lastKnownFileType = sourcecode.swift; path = VenueStore.swift; sourceTree = "<group>"; };
		FF000001000000000000AA10 /* DesignSystem.swift */ = {isa = PBXFileReference; lastKnownFileType = sourcecode.swift; path = DesignSystem.swift; sourceTree = "<group>"; };
		FF000001000000000000AA11 /* VenueRepository.swift */ = {isa = PBXFileReference; lastKnownFileType = sourcecode.swift; path = VenueRepository.swift; sourceTree = "<group>"; };
		FF000001000000000000AA12 /* LocalVenueRepository.swift */ = {isa = PBXFileReference; lastKnownFileType = sourcecode.swift; path = LocalVenueRepository.swift; sourceTree = "<group>"; };
		FF000001000000000000AA13 /* RepositoryDependencies.swift */ = {isa = PBXFileReference; lastKnownFileType = sourcecode.swift; path = RepositoryDependencies.swift; sourceTree = "<group>"; };
		FF000001000000000000AA14 /* SupabaseVenueRepository.swift */ = {isa = PBXFileReference; lastKnownFileType = sourcecode.swift; path = SupabaseVenueRepository.swift; sourceTree = "<group>"; };
		FF000001000000000000AA20 /* AuthService.swift */ = {isa = PBXFileReference; lastKnownFileType = sourcecode.swift; path = AuthService.swift; sourceTree = "<group>"; };
		FF000001000000000000AB01 /* StripeConfig.swift */ = {isa = PBXFileReference; lastKnownFileType = sourcecode.swift; name = StripeConfig.swift; path = BarPass/Core/Config/StripeConfig.swift; sourceTree = SOURCE_ROOT; };
		FF000001000000000000AB02 /* APIClient.swift */ = {isa = PBXFileReference; lastKnownFileType = sourcecode.swift; name = APIClient.swift; path = BarPass/Core/Networking/APIClient.swift; sourceTree = SOURCE_ROOT; };
		FF000001000000000000AB03 /* WalletPassService.swift */ = {isa = PBXFileReference; lastKnownFileType = sourcecode.swift; path = WalletPassService.swift; sourceTree = "<group>"; };
		FF000001000000000000AB04 /* AppleWalletButton.swift */ = {isa = PBXFileReference; lastKnownFileType = sourcecode.swift; name = AppleWalletButton.swift; path = BarPass/Features/WalletPass/AppleWalletButton.swift; sourceTree = SOURCE_ROOT; };
		GAMF01000000000000RP01 /* GamificationView.swift */ = {isa = PBXFileReference; lastKnownFileType = sourcecode.swift; name = GamificationView.swift; path = BarPass/Features/Profile/GamificationView.swift; sourceTree = SOURCE_ROOT; };
		HYPE01000000000000RP01 /* HypeEngine.swift */ = {isa = PBXFileReference; lastKnownFileType = sourcecode.swift; name = HypeEngine.swift; path = BarPass/Core/Music/HypeEngine.swift; sourceTree = SOURCE_ROOT; };
		HYWC01000000000000RP01 /* HypeWeekCard.swift */ = {isa = PBXFileReference; lastKnownFileType = sourcecode.swift; name = HypeWeekCard.swift; path = BarPass/Features/Tonight/HypeWeekCard.swift; sourceTree = SOURCE_ROOT; };
		IMGC01000000000000RP01 /* ImageCache.swift */ = {isa = PBXFileReference; lastKnownFileType = sourcecode.swift; name = ImageCache.swift; path = BarPass/Core/Services/ImageCache.swift; sourceTree = SOURCE_ROOT; };
		KYCH01000000000000RP01 /* KeychainService.swift */ = {isa = PBXFileReference; lastKnownFileType = sourcecode.swift; name = KeychainService.swift; path = BarPass/Core/Services/KeychainService.swift; sourceTree = SOURCE_ROOT; };
		L10N01000000000000RP01 /* LocalizationService.swift */ = {isa = PBXFileReference; lastKnownFileType = sourcecode.swift; name = LocalizationService.swift; path = BarPass/Core/Services/LocalizationService.swift; sourceTree = SOURCE_ROOT; };
		MISS01000000000000RP01 /* MissionEngine.swift */ = {isa = PBXFileReference; lastKnownFileType = sourcecode.swift; name = MissionEngine.swift; path = BarPass/Core/Services/MissionEngine.swift; sourceTree = SOURCE_ROOT; };
		MPAS01000000000000RP01 /* MusicPassport.swift */ = {isa = PBXFileReference; lastKnownFileType = sourcecode.swift; name = MusicPassport.swift; path = BarPass/Models/MusicPassport.swift; sourceTree = SOURCE_ROOT; };
		MPBR01000000000000RP01 /* MusicNowPlayingBar.swift */ = {isa = PBXFileReference; lastKnownFileType = sourcecode.swift; name = MusicNowPlayingBar.swift; path = BarPass/Features/Main/MusicNowPlayingBar.swift; sourceTree = SOURCE_ROOT; };
		MPOB01000000000000RP01 /* MusicNowPlayingObserver.swift */ = {isa = PBXFileReference; lastKnownFileType = sourcecode.swift; name = MusicNowPlayingObserver.swift; path = BarPass/Core/Music/MusicNowPlayingObserver.swift; sourceTree = SOURCE_ROOT; };
		MSRC01000000000000RP01 /* MusicSource.swift */ = {isa = PBXFileReference; lastKnownFileType = sourcecode.swift; name = MusicSource.swift; path = BarPass/Core/Music/MusicSource.swift; sourceTree = SOURCE_ROOT; };
		NP0000010000000000000001 /* NightPlan.swift */ = {isa = PBXFileReference; lastKnownFileType = sourcecode.swift; path = NightPlan.swift; sourceTree = "<group>"; };
		NP000001000000000000RP01 /* NightPlanner.swift */ = {isa = PBXFileReference; lastKnownFileType = sourcecode.swift; name = NightPlanner.swift; path = BarPass/Features/Trips/NightPlanner.swift; sourceTree = SOURCE_ROOT; };
		PREP01000000000000RP01 /* PostRepository.swift */ = {isa = PBXFileReference; lastKnownFileType = sourcecode.swift; name = PostRepository.swift; path = BarPass/Repositories/PostRepository.swift; sourceTree = SOURCE_ROOT; };
		PRIV00000000000000000001 /* PrivacyInfo.xcprivacy */ = {isa = PBXFileReference; lastKnownFileType = text.plist.xml; path = PrivacyInfo.xcprivacy; sourceTree = "<group>"; };
		PY000001000000000000RP01 /* PromptYourNightView.swift */ = {isa = PBXFileReference; lastKnownFileType = sourcecode.swift; name = PromptYourNightView.swift; path = BarPass/Features/Trips/PromptYourNightView.swift; sourceTree = SOURCE_ROOT; };
		RE0000010000000000000001 /* TripRepository.swift */ = {isa = PBXFileReference; lastKnownFileType = sourcecode.swift; path = TripRepository.swift; sourceTree = "<group>"; };
		RE0000010000000000000002 /* SupabaseTripRepository.swift */ = {isa = PBXFileReference; lastKnownFileType = sourcecode.swift; path = SupabaseTripRepository.swift; sourceTree = "<group>"; };
		RE0000010000000000000003 /* PlanRepository.swift */ = {isa = PBXFileReference; lastKnownFileType = sourcecode.swift; path = PlanRepository.swift; sourceTree = "<group>"; };
		RE0000010000000000000004 /* SupabasePlanRepository.swift */ = {isa = PBXFileReference; lastKnownFileType = sourcecode.swift; path = SupabasePlanRepository.swift; sourceTree = "<group>"; };
		RVSM01000000000000RP01 /* ReviewSummaryService.swift */ = {isa = PBXFileReference; lastKnownFileType = sourcecode.swift; name = ReviewSummaryService.swift; path = BarPass/Core/Services/ReviewSummaryService.swift; sourceTree = SOURCE_ROOT; };
		RVSV01000000000000RP01 /* ReviewSummaryView.swift */ = {isa = PBXFileReference; lastKnownFileType = sourcecode.swift; name = ReviewSummaryView.swift; path = BarPass/Features/Tonight/ReviewSummaryView.swift; sourceTree = SOURCE_ROOT; };
		SPBC01000000000000RP01 /* SupabaseConfig.swift */ = {isa = PBXFileReference; lastKnownFileType = sourcecode.swift; name = SupabaseConfig.swift; path = BarPass/Core/Config/SupabaseConfig.swift; sourceTree = SOURCE_ROOT; };
		SPOT01000000000000RP01 /* SpotifySource.swift */ = {isa = PBXFileReference; lastKnownFileType = sourcecode.swift; name = SpotifySource.swift; path = BarPass/Core/Music/SpotifySource.swift; sourceTree = SOURCE_ROOT; };
		THEM01000000000000RP01 /* ThemeService.swift */ = {isa = PBXFileReference; lastKnownFileType = sourcecode.swift; name = ThemeService.swift; path = BarPass/Core/Services/ThemeService.swift; sourceTree = SOURCE_ROOT; };
		TR000001000000000000AA01 /* Trip.swift */ = {isa = PBXFileReference; lastKnownFileType = sourcecode.swift; name = Trip.swift; path = BarPass/Models/Trip.swift; sourceTree = SOURCE_ROOT; };
		TR000001000000000000AA02 /* TripsListView.swift */ = {isa = PBXFileReference; lastKnownFileType = sourcecode.swift; name = TripsListView.swift; path = BarPass/Features/Trips/TripsListView.swift; sourceTree = SOURCE_ROOT; };
		TR000001000000000000AA03 /* TripCreateFlow.swift */ = {isa = PBXFileReference; lastKnownFileType = sourcecode.swift; name = TripCreateFlow.swift; path = BarPass/Features/Trips/TripCreateFlow.swift; sourceTree = SOURCE_ROOT; };
		TR000001000000000000AA04 /* TripDetailView.swift */ = {isa = PBXFileReference; lastKnownFileType = sourcecode.swift; name = TripDetailView.swift; path = BarPass/Features/Trips/TripDetailView.swift; sourceTree = SOURCE_ROOT; };
		TR000001000000000000AA05 /* TripSocial.swift */ = {isa = PBXFileReference; lastKnownFileType = sourcecode.swift; name = TripSocial.swift; path = BarPass/Features/Trips/TripSocial.swift; sourceTree = SOURCE_ROOT; };
		TR000001000000000000RP01 /* LocalTripRepository.swift */ = {isa = PBXFileReference; lastKnownFileType = sourcecode.swift; name = LocalTripRepository.swift; path = BarPass/Repositories/LocalTripRepository.swift; sourceTree = SOURCE_ROOT; };
		TRIV01000000000000RP01 /* TriviaEngine.swift */ = {isa = PBXFileReference; lastKnownFileType = sourcecode.swift; name = TriviaEngine.swift; path = BarPass/Core/Services/TriviaEngine.swift; sourceTree = SOURCE_ROOT; };
		TS0000010000000000000001 /* TripStore.swift */ = {isa = PBXFileReference; lastKnownFileType = sourcecode.swift; name = TripStore.swift; path = BarPass/Features/Stores/TripStore.swift; sourceTree = SOURCE_ROOT; };
		VEVW03000000000000RP01 /* VerifyEmailView.swift */ = {isa = PBXFileReference; lastKnownFileType = sourcecode.swift; name = VerifyEmailView.swift; path = BarPass/Features/Auth/VerifyEmailView.swift; sourceTree = SOURCE_ROOT; };
		VPSC01000000000000RP01 /* VenuePostsSection.swift */ = {isa = PBXFileReference; lastKnownFileType = sourcecode.swift; name = VenuePostsSection.swift; path = BarPass/Features/Tonight/VenuePostsSection.swift; sourceTree = SOURCE_ROOT; };
		VPST01000000000000RP01 /* VenuePost.swift */ = {isa = PBXFileReference; lastKnownFileType = sourcecode.swift; name = VenuePost.swift; path = BarPass/Models/VenuePost.swift; sourceTree = SOURCE_ROOT; };
		VTS003000000000000RP01 /* VenueTimeStatus.swift */ = {isa = PBXFileReference; lastKnownFileType = sourcecode.swift; name = VenueTimeStatus.swift; path = BarPass/Core/Services/VenueTimeStatus.swift; sourceTree = SOURCE_ROOT; };
		WLT001000000000000RP01 /* WalletService.swift */ = {isa = PBXFileReference; lastKnownFileType = sourcecode.swift; name = WalletService.swift; path = BarPass/Core/Services/WalletService.swift; sourceTree = SOURCE_ROOT; };
		WLT003000000000000RP01 /* WalletTopUpView.swift */ = {isa = PBXFileReference; lastKnownFileType = sourcecode.swift; name = WalletTopUpView.swift; path = BarPass/Features/Cart/WalletTopUpView.swift; sourceTree = SOURCE_ROOT; };
		WLT005000000000000RP01 /* OrderHistoryView.swift */ = {isa = PBXFileReference; lastKnownFileType = sourcecode.swift; name = OrderHistoryView.swift; path = BarPass/Features/Profile/OrderHistoryView.swift; sourceTree = SOURCE_ROOT; };
		WLT007000000000000RP01 /* OrderHistoryService.swift */ = {isa = PBXFileReference; lastKnownFileType = sourcecode.swift; name = OrderHistoryService.swift; path = BarPass/Core/Services/OrderHistoryService.swift; sourceTree = SOURCE_ROOT; };
		XPEN01000000000000RP01 /* PointsEngine.swift */ = {isa = PBXFileReference; lastKnownFileType = sourcecode.swift; name = PointsEngine.swift; path = BarPass/Core/Services/PointsEngine.swift; sourceTree = SOURCE_ROOT; };
/* End PBXFileReference section */

/* Begin PBXFrameworksBuildPhase section */
		24BEACB8F9B5AAB070F1B0EF /* Frameworks */ = {
			isa = PBXFrameworksBuildPhase;
			buildActionMask = 2147483647;
			files = (
				F1BA46464607754B4A2D0728 /* Foundation.framework in Frameworks */,
			);
			runOnlyForDeploymentPostprocessing = 0;
		};
		AA0000030000000000000003 /* Frameworks */ = {
			isa = PBXFrameworksBuildPhase;
			buildActionMask = 2147483647;
			files = (
				BBAAF54C30060C2A00E490E9 /* Stripe in Frameworks */,
			);
			runOnlyForDeploymentPostprocessing = 0;
		};
/* End PBXFrameworksBuildPhase section */

/* Begin PBXGroup section */
		820A49C80BD0D6C92D69A3BC /* iOS */ = {
			isa = PBXGroup;
			children = (
				7DF352B37244C7C0F8C8D874 /* Foundation.framework */,
			);
			name = iOS;
			sourceTree = "<group>";
		};
		8BC57DD4876B3B844FAFA1D1 /* BarPassTests */ = {
			isa = PBXGroup;
			children = (
				7B25282D5543608685CFCACF /* ExperienceScorerTests.swift */,
				4C3963062AE9823148A85E40 /* HypeEngineTests.swift */,
				856638E27CF7A56A57535A80 /* KeychainServiceTests.swift */,
				BF31AC3E1809B2072DE6CA9C /* ModelCodableTests.swift */,
			);
			name = BarPassTests;
			sourceTree = SOURCE_ROOT;
		};
		AA0000040000000000000000 = {
			isa = PBXGroup;
			children = (
				AA0000040000000000000001 /* BarPass */,
				AA000004000000000000000F /* Products */,
				BBAAF54D30060C2A00E490E9 /* Recovered References */,
				ED72C18BBBB1841C199CA23B /* Frameworks */,
				8BC57DD4876B3B844FAFA1D1 /* BarPassTests */,
			);
			sourceTree = "<group>";
		};
		AA0000040000000000000001 /* BarPass */ = {
			isa = PBXGroup;
			children = (
				AA0000020000000000000001 /* BarPassApp.swift */,
				AA0000020000000000000002 /* AppState.swift */,
				CC000004000000000000000A /* Models */,
				AA0000040000000000000002 /* Core */,
				FF000004000000000000AA10 /* Repositories */,
				AA000004000000000000000A /* Features */,
				AA000004000000000000000B /* Resources */,
				AA000004000000000000000E /* Web */,
			);
			path = BarPass;
			sourceTree = "<group>";
		};
		AA0000040000000000000002 /* Core */ = {
			isa = PBXGroup;
			children = (
				AA0000040000000000000006 /* Services */,
				AA0000040000000000000009 /* Cache */,
			);
			path = Core;
			sourceTree = "<group>";
		};
		AA0000040000000000000006 /* Services */ = {
			isa = PBXGroup;
			children = (
				AA0000020000000000000009 /* LocationService.swift */,
				AA000002000000000000000A /* NotificationService.swift */,
				AA000002000000000000000B /* BiometricService.swift */,
				AA000002000000000000000C /* ApplePayService.swift */,
				FF000001000000000000AB01 /* StripeConfig.swift */,
				FF000001000000000000AB02 /* APIClient.swift */,
				FF000001000000000000AB03 /* WalletPassService.swift */,
				FF000001000000000000AA20 /* AuthService.swift */,
				AN0000020000000000000001 /* AnalyticsService.swift */,
			);
			path = Services;
			sourceTree = "<group>";
		};
		AA0000040000000000000009 /* Cache */ = {
			isa = PBXGroup;
			children = (
				AA000002000000000000000D /* CacheManager.swift */,
			);
			path = Cache;
			sourceTree = "<group>";
		};
		AA000004000000000000000A /* Features */ = {
			isa = PBXGroup;
			children = (
				EE000003000000000000001A /* Auth */,
				AA0000020000000000000003 /* RootView.swift */,
				CC000004000000000000000B /* Cart */,
				DD000004000000000000000A /* PriorityEntry */,
				AA000004000000000000000C /* Splash */,
				FF000003000000000000AA01 /* Main */,
				FF000003000000000000AA02 /* Tonight */,
				FF000003000000000000AA03 /* Explore */,
				FF000003000000000000AA04 /* Plan */,
				FF000003000000000000AA05 /* Profile */,
				FF000003000000000000AA06 /* Onboarding */,
				FF000001000000000000AB04 /* AppleWalletButton.swift */,
				TS0000040000000000000001 /* Stores */,
			);
			path = Features;
			sourceTree = "<group>";
		};
		AA000004000000000000000B /* Resources */ = {
			isa = PBXGroup;
			children = (
				AA00000200000000000000A0 /* Info.plist */,
				AA000002000000000000000F /* Assets.xcassets */,
				CC000002000000000000ME01 /* venue_media.json */,
				CC000002000000000000LG01 /* venue_logos.json */,
				CC000002000000000000LG02 /* VenueLogos.swift */,
				FF000001000000000000AA10 /* DesignSystem.swift */,
				PRIV00000000000000000001 /* PrivacyInfo.xcprivacy */,
			);
			path = Resources;
			sourceTree = "<group>";
		};
		AA000004000000000000000C /* Splash */ = {
			isa = PBXGroup;
			children = (
				AA0000020000000000000004 /* SplashView.swift */,
			);
			path = Splash;
			sourceTree = "<group>";
		};
		AA000004000000000000000E /* Web */ = {
			isa = PBXGroup;
			children = (
				BB000002000000000000000E /* barpass-logo.svg */,
			);
			path = Web;
			sourceTree = "<group>";
		};
		AA000004000000000000000F /* Products */ = {
			isa = PBXGroup;
			children = (
				AA00000200000000000000A1 /* BarPass app.app */,
				0A200C69C860B34D942241B9 /* BarPassTests.xctest */,
			);
			name = Products;
			sourceTree = "<group>";
		};
		BBAAF54D30060C2A00E490E9 /* Recovered References */ = {
			isa = PBXGroup;
			children = (
				EF000001000000000000RP01 /* EventFlyerCard.swift */,
				IMGC01000000000000RP01 /* ImageCache.swift */,
				L10N01000000000000RP01 /* LocalizationService.swift */,
				THEM01000000000000RP01 /* ThemeService.swift */,
				XPEN01000000000000RP01 /* PointsEngine.swift */,
				WLT001000000000000RP01 /* WalletService.swift */,
				WLT003000000000000RP01 /* WalletTopUpView.swift */,
				WLT005000000000000RP01 /* OrderHistoryView.swift */,
				WLT007000000000000RP01 /* OrderHistoryService.swift */,
				AGGT01000000000000RP01 /* AgeGateService.swift */,
				AGGT03000000000000RP01 /* AgeGateView.swift */,
				EDTV03000000000000RP01 /* EditTripView.swift */,
				EXEN03000000000000RP01 /* ExperienceEngine.swift */,
				VTS003000000000000RP01 /* VenueTimeStatus.swift */,
				EXSC03000000000000RP01 /* ExperienceScorer.swift */,
				VEVW03000000000000RP01 /* VerifyEmailView.swift */,
				HYWC01000000000000RP01 /* HypeWeekCard.swift */,
				MPAS01000000000000RP01 /* MusicPassport.swift */,
				HYPE01000000000000RP01 /* HypeEngine.swift */,
				AMSC01000000000000RP01 /* AppleMusicSource.swift */,
				MSRC01000000000000RP01 /* MusicSource.swift */,
				SPOT01000000000000RP01 /* SpotifySource.swift */,
				SPBC01000000000000RP01 /* SupabaseConfig.swift */,
				KYCH01000000000000RP01 /* KeychainService.swift */,
				AUTP01000000000000RP01 /* AutoplayPreference.swift */,
				MPBR01000000000000RP01 /* MusicNowPlayingBar.swift */,
				MPOB01000000000000RP01 /* MusicNowPlayingObserver.swift */,
				AMPS01000000000000RP01 /* AppleMusicPlaybackService.swift */,
				FAVS01000000000000RP01 /* FavoritesStore.swift */,
				VPSC01000000000000RP01 /* VenuePostsSection.swift */,
				PREP01000000000000RP01 /* PostRepository.swift */,
				VPST01000000000000RP01 /* VenuePost.swift */,
				GAMF01000000000000RP01 /* GamificationView.swift */,
				MISS01000000000000RP01 /* MissionEngine.swift */,
				TRIV01000000000000RP01 /* TriviaEngine.swift */,
				RVSV01000000000000RP01 /* ReviewSummaryView.swift */,
				RVSM01000000000000RP01 /* ReviewSummaryService.swift */,
				TR000001000000000000AA01 /* Trip.swift */,
				TR000001000000000000AA02 /* TripsListView.swift */,
				TR000001000000000000AA03 /* TripCreateFlow.swift */,
				TR000001000000000000AA04 /* TripDetailView.swift */,
				TR000001000000000000AA05 /* TripSocial.swift */,
				PY000001000000000000RP01 /* PromptYourNightView.swift */,
				NP000001000000000000RP01 /* NightPlanner.swift */,
				TR000001000000000000RP01 /* LocalTripRepository.swift */,
			);
			name = "Recovered References";
			sourceTree = "<group>";
		};
		CC000004000000000000000A /* Models */ = {
			isa = PBXGroup;
			children = (
				FB5086AAE9CBD601116597BE /* EventTicket.swift */,
				8568370BB34F88D6D61CD5B2 /* CartItem.swift */,
				153300EE3F4D2CCA932EBDCB /* SkipLinePass.swift */,
				CA759652D778C1B0CD58E463 /* TableReservation.swift */,
				FF000001000000000000AA08 /* Venue.swift */,
				FF000001000000000000AA09 /* VenueStore.swift */,
				NP0000010000000000000001 /* NightPlan.swift */,
			);
			path = Models;
			sourceTree = "<group>";
		};
		CC000004000000000000000B /* Cart */ = {
			isa = PBXGroup;
			children = (
				3AA3D664AAE5148E8E014E77 /* CartStore.swift */,
				ECEA1F54438283EF27ED535E /* CartView.swift */,
				5537BE5E60B5E2B88983E17D /* CardPaymentView.swift */,
			);
			path = Cart;
			sourceTree = "<group>";
		};
		DD000004000000000000000A /* PriorityEntry */ = {
			isa = PBXGroup;
			children = (
				138CCFF5EDE420FFDFA78DC8 /* EventTicketsView.swift */,
				AF70D02E008F3D9BF18B5C2A /* ActiveTicketView.swift */,
				8C54DE23E3FEFE20783A41C3 /* SkipLinePassView.swift */,
				D0C516E6C74A66937CBB9B8F /* ActivePassView.swift */,
				C2F2D00744D57ECA5B25B120 /* TableReservationView.swift */,
				EA727DF04AFC4355197DDF95 /* ReservationConfirmView.swift */,
				2373126D43DE228E7095F6A2 /* PriorityEntryHubView.swift */,
			);
			path = PriorityEntry;
			sourceTree = "<group>";
		};
		ED72C18BBBB1841C199CA23B /* Frameworks */ = {
			isa = PBXGroup;
			children = (
				820A49C80BD0D6C92D69A3BC /* iOS */,
			);
			name = Frameworks;
			sourceTree = "<group>";
		};
		EE000003000000000000001A /* Auth */ = {
			isa = PBXGroup;
			children = (
				EE000001000000000000001A /* NativeAuthView.swift */,
			);
			path = Auth;
			sourceTree = "<group>";
		};
		FF000003000000000000AA01 /* Main */ = {
			isa = PBXGroup;
			children = (
				FF000001000000000000AA01 /* MainTabView.swift */,
			);
			path = Main;
			sourceTree = "<group>";
		};
		FF000003000000000000AA02 /* Tonight */ = {
			isa = PBXGroup;
			children = (
				FF000001000000000000AA02 /* TonightView.swift */,
				FF000001000000000000AA03 /* VenueDetailView.swift */,
			);
			path = Tonight;
			sourceTree = "<group>";
		};
		FF000003000000000000AA03 /* Explore */ = {
			isa = PBXGroup;
			children = (
				FF000001000000000000AA04 /* ExploreView.swift */,
			);
			path = Explore;
			sourceTree = "<group>";
		};
		FF000003000000000000AA04 /* Plan */ = {
			isa = PBXGroup;
			children = (
				FF000001000000000000AA05 /* PlanView.swift */,
			);
			path = Plan;
			sourceTree = "<group>";
		};
		FF000003000000000000AA05 /* Profile */ = {
			isa = PBXGroup;
			children = (
				FF000001000000000000AA06 /* ProfileView.swift */,
				93B241CAA60BB6EFC53D26A1 /* DeleteAccountView.swift */,
			);
			path = Profile;
			sourceTree = "<group>";
		};
		FF000003000000000000AA06 /* Onboarding */ = {
			isa = PBXGroup;
			children = (
				FF000001000000000000AA07 /* OnboardingVideoView.swift */,
			);
			path = Onboarding;
			sourceTree = "<group>";
		};
		FF000004000000000000AA10 /* Repositories */ = {
			isa = PBXGroup;
			children = (
				FF000001000000000000AA11 /* VenueRepository.swift */,
				FF000001000000000000AA12 /* LocalVenueRepository.swift */,
				FF000001000000000000AA13 /* RepositoryDependencies.swift */,
				FF000001000000000000AA14 /* SupabaseVenueRepository.swift */,
				RE0000010000000000000001 /* TripRepository.swift */,
				RE0000010000000000000002 /* SupabaseTripRepository.swift */,
				RE0000010000000000000003 /* PlanRepository.swift */,
				RE0000010000000000000004 /* SupabasePlanRepository.swift */,
			);
			path = Repositories;
			sourceTree = "<group>";
		};
		TS0000040000000000000001 /* Stores */ = {
			isa = PBXGroup;
			children = (
				TS0000010000000000000001 /* TripStore.swift */,
			);
			path = Stores;
			sourceTree = "<group>";
		};
/* End PBXGroup section */

/* Begin PBXNativeTarget section */
		77AF89583365670A933DCB1B /* BarPassTests */ = {
			isa = PBXNativeTarget;
			buildConfigurationList = 5EFBA80D8400B137121BA0F7 /* Build configuration list for PBXNativeTarget "BarPassTests" */;
			buildPhases = (
				084F7E042D4C251D3E747EBC /* Sources */,
				24BEACB8F9B5AAB070F1B0EF /* Frameworks */,
				BD13ACC61B9927271772A197 /* Resources */,
			);
			buildRules = (
			);
			dependencies = (
				5AC957C51C26E2BDFCAA2B86 /* PBXTargetDependency */,
			);
			name = BarPassTests;
			productName = BarPassTests;
			productReference = 0A200C69C860B34D942241B9 /* BarPassTests.xctest */;
			productType = "com.apple.product-type.bundle.unit-test";
		};
		AA0000050000000000000000 /* BarPass app */ = {
			isa = PBXNativeTarget;
			buildConfigurationList = AA0000060000000000000001 /* Build configuration list for PBXNativeTarget "BarPass app" */;
			buildPhases = (
				AA0000030000000000000001 /* Sources */,
				AA0000030000000000000002 /* Resources */,
				AA0000030000000000000003 /* Frameworks */,
			);
			buildRules = (
			);
			dependencies = (
			);
			name = "BarPass app";
			packageProductDependencies = (
				SPM00000000000000000002 /* Stripe */,
			);
			productName = BarPass;
			productReference = AA00000200000000000000A1 /* BarPass app.app */;
			productType = "com.apple.product-type.application";
		};
/* End PBXNativeTarget section */

/* Begin PBXProject section */
		AA0000070000000000000000 /* Project object */ = {
			isa = PBXProject;
			attributes = {
				BuildIndependentTargetsInParallel = 1;
				LastSwiftUpdateCheck = 1700;
				LastUpgradeCheck = 2650;
				TargetAttributes = {
					AA0000050000000000000000 = {
						CreatedOnToolsVersion = 17.0;
					};
				};
			};
			buildConfigurationList = AA0000060000000000000000 /* Build configuration list for PBXProject "BarPass app" */;
			compatibilityVersion = "Xcode 14.0";
			developmentRegion = en;
			hasScannedForEncodings = 0;
			knownRegions = (
				en,
				Base,
			);
			mainGroup = AA0000040000000000000000;
			packageReferences = (
				SPM00000000000000000001 /* XCRemoteSwiftPackageReference "stripe-ios" */,
			);
			productRefGroup = AA000004000000000000000F /* Products */;
			projectDirPath = "";
			projectRoot = "";
			targets = (
				AA0000050000000000000000 /* BarPass app */,
				77AF89583365670A933DCB1B /* BarPassTests */,
			);
		};
/* End PBXProject section */

/* Begin PBXResourcesBuildPhase section */
		AA0000030000000000000002 /* Resources */ = {
			isa = PBXResourcesBuildPhase;
			buildActionMask = 2147483647;
			files = (
				BB000001000000000000000E /* barpass-logo.svg in Resources */,
				AA000001000000000000000F /* Assets.xcassets in Resources */,
				CC000001000000000000ME01 /* venue_media.json in Resources */,
				CC000001000000000000LG01 /* venue_logos.json in Resources */,
				PRIV00000000000000000002 /* PrivacyInfo.xcprivacy in Resources */,
			);
			runOnlyForDeploymentPostprocessing = 0;
		};
		BD13ACC61B9927271772A197 /* Resources */ = {
			isa = PBXResourcesBuildPhase;
			buildActionMask = 2147483647;
			files = (
			);
			runOnlyForDeploymentPostprocessing = 0;
		};
/* End PBXResourcesBuildPhase section */

/* Begin PBXSourcesBuildPhase section */
		084F7E042D4C251D3E747EBC /* Sources */ = {
			isa = PBXSourcesBuildPhase;
			buildActionMask = 2147483647;
			files = (
				247910BD9F5933841A403D3A /* ExperienceScorerTests.swift in Sources */,
				6DB2BBFD9C2F38D3220A684A /* HypeEngineTests.swift in Sources */,
				045900B0B0374875CD4DF42D /* KeychainServiceTests.swift in Sources */,
				3B997A737FD4B9BDABFA9D2B /* ModelCodableTests.swift in Sources */,
			);
			runOnlyForDeploymentPostprocessing = 0;
		};
		AA0000030000000000000001 /* Sources */ = {
			isa = PBXSourcesBuildPhase;
			buildActionMask = 2147483647;
			files = (
				01609A069EE22D5E5CDAF602 /* EventTicket.swift in Sources */,
				A957F031255C8A30AB61608E /* EventTicketsView.swift in Sources */,
				4E168AA3A3AFCB6213C96918 /* ActiveTicketView.swift in Sources */,
				EE000002000000000000001A /* NativeAuthView.swift in Sources */,
				FF000002000000000000AA01 /* MainTabView.swift in Sources */,
				FF000002000000000000AA02 /* TonightView.swift in Sources */,
				EF000002000000000000RP01 /* EventFlyerCard.swift in Sources */,
				FF000002000000000000AA03 /* VenueDetailView.swift in Sources */,
				FF000002000000000000AA04 /* ExploreView.swift in Sources */,
				FF000002000000000000AA05 /* PlanView.swift in Sources */,
				FF000002000000000000AA06 /* ProfileView.swift in Sources */,
				FF000002000000000000AA07 /* OnboardingVideoView.swift in Sources */,
				FF000002000000000000AA08 /* Venue.swift in Sources */,
				FF000002000000000000AA09 /* VenueStore.swift in Sources */,
				FF000002000000000000AB01 /* StripeConfig.swift in Sources */,
				FF000002000000000000AB02 /* APIClient.swift in Sources */,
				FF000002000000000000AB03 /* WalletPassService.swift in Sources */,
				FF000002000000000000AB04 /* AppleWalletButton.swift in Sources */,
				AA0000010000000000000001 /* BarPassApp.swift in Sources */,
				AA0000010000000000000002 /* AppState.swift in Sources */,
				CC000001000000000000LG02 /* VenueLogos.swift in Sources */,
				2A0BC0EA1346366A63326961 /* CartItem.swift in Sources */,
				7B6B03398BDEC6245300D80C /* SkipLinePass.swift in Sources */,
				CEF97FC6EA40560FF2D7D0EF /* SkipLinePassView.swift in Sources */,
				8A1DDE6046186E41A8635D09 /* ActivePassView.swift in Sources */,
				80A5280DA8DF78405C1E0A01 /* TableReservation.swift in Sources */,
				DDC733155D1594F75D48A1D0 /* TableReservationView.swift in Sources */,
				7D22239A32057DDDC1688082 /* ReservationConfirmView.swift in Sources */,
				EBF12578C120CFBF1FA60335 /* PriorityEntryHubView.swift in Sources */,
				E44CDF7872A2DD52484EE256 /* CartStore.swift in Sources */,
				30D51A75A5B95FDE56B0FBB0 /* CartView.swift in Sources */,
				4AD4CD88E1366A6ACA462B08 /* CardPaymentView.swift in Sources */,
				AA0000010000000000000003 /* RootView.swift in Sources */,
				AA0000010000000000000004 /* SplashView.swift in Sources */,
				IMGC02000000000000RP01 /* ImageCache.swift in Sources */,
				L10N02000000000000RP01 /* LocalizationService.swift in Sources */,
				THEM02000000000000RP01 /* ThemeService.swift in Sources */,
				XPEN02000000000000RP01 /* PointsEngine.swift in Sources */,
				WLT002000000000000RP01 /* WalletService.swift in Sources */,
				WLT004000000000000RP01 /* WalletTopUpView.swift in Sources */,
				WLT006000000000000RP01 /* OrderHistoryView.swift in Sources */,
				WLT008000000000000RP01 /* OrderHistoryService.swift in Sources */,
				AGGT02000000000000RP01 /* AgeGateService.swift in Sources */,
				AGGT04000000000000RP01 /* AgeGateView.swift in Sources */,
				EDTV04000000000000RP01 /* EditTripView.swift in Sources */,
				EXEN04000000000000RP01 /* ExperienceEngine.swift in Sources */,
				VTS004000000000000RP01 /* VenueTimeStatus.swift in Sources */,
				EXSC04000000000000RP01 /* ExperienceScorer.swift in Sources */,
				VEVW04000000000000RP01 /* VerifyEmailView.swift in Sources */,
				HYWC02000000000000RP01 /* HypeWeekCard.swift in Sources */,
				MPAS02000000000000RP01 /* MusicPassport.swift in Sources */,
				HYPE02000000000000RP01 /* HypeEngine.swift in Sources */,
				AMSC02000000000000RP01 /* AppleMusicSource.swift in Sources */,
				MSRC02000000000000RP01 /* MusicSource.swift in Sources */,
				SPOT02000000000000RP01 /* SpotifySource.swift in Sources */,
				SPBC02000000000000RP01 /* SupabaseConfig.swift in Sources */,
				KYCH02000000000000RP01 /* KeychainService.swift in Sources */,
				AUTP02000000000000RP01 /* AutoplayPreference.swift in Sources */,
				MPBR02000000000000RP01 /* MusicNowPlayingBar.swift in Sources */,
				MPOB02000000000000RP01 /* MusicNowPlayingObserver.swift in Sources */,
				AMPS02000000000000RP01 /* AppleMusicPlaybackService.swift in Sources */,
				FAVS02000000000000RP01 /* FavoritesStore.swift in Sources */,
				VPSC02000000000000RP01 /* VenuePostsSection.swift in Sources */,
				PREP02000000000000RP01 /* PostRepository.swift in Sources */,
				VPST02000000000000RP01 /* VenuePost.swift in Sources */,
				GAMF02000000000000RP01 /* GamificationView.swift in Sources */,
				MISS02000000000000RP01 /* MissionEngine.swift in Sources */,
				TRIV02000000000000RP01 /* TriviaEngine.swift in Sources */,
				RVSV02000000000000RP01 /* ReviewSummaryView.swift in Sources */,
				RVSM02000000000000RP01 /* ReviewSummaryService.swift in Sources */,
				AA0000010000000000000009 /* LocationService.swift in Sources */,
				AA000001000000000000000A /* NotificationService.swift in Sources */,
				AA000001000000000000000B /* BiometricService.swift in Sources */,
				AA000001000000000000000C /* ApplePayService.swift in Sources */,
				AA000001000000000000000D /* CacheManager.swift in Sources */,
				FF000002000000000000AA20 /* AuthService.swift in Sources */,
				AN0000010000000000000001 /* AnalyticsService.swift in Sources */,
				TR000002000000000000AA01 /* Trip.swift in Sources */,
				TR000002000000000000AA02 /* TripsListView.swift in Sources */,
				TR000002000000000000AA03 /* TripCreateFlow.swift in Sources */,
				TR000002000000000000AA04 /* TripDetailView.swift in Sources */,
				TR000002000000000000AA05 /* TripSocial.swift in Sources */,
				PY000002000000000000RP01 /* PromptYourNightView.swift in Sources */,
				NP000002000000000000RP01 /* NightPlanner.swift in Sources */,
				FF000002000000000000AA10 /* DesignSystem.swift in Sources */,
				FF000002000000000000AA11 /* VenueRepository.swift in Sources */,
				FF000002000000000000AA12 /* LocalVenueRepository.swift in Sources */,
				FF000002000000000000AA13 /* RepositoryDependencies.swift in Sources */,
				FF000002000000000000AA14 /* SupabaseVenueRepository.swift in Sources */,
				RE0000020000000000000001 /* TripRepository.swift in Sources */,
				TR000002000000000000RP01 /* LocalTripRepository.swift in Sources */,
				RE0000020000000000000002 /* SupabaseTripRepository.swift in Sources */,
				RE0000020000000000000003 /* PlanRepository.swift in Sources */,
				RE0000020000000000000004 /* SupabasePlanRepository.swift in Sources */,
				NP0000020000000000000001 /* NightPlan.swift in Sources */,
				TS0000020000000000000001 /* TripStore.swift in Sources */,
				345EF762F181F05CFC873285 /* DeleteAccountView.swift in Sources */,
			);
			runOnlyForDeploymentPostprocessing = 0;
		};
/* End PBXSourcesBuildPhase section */

/* Begin PBXTargetDependency section */
		5AC957C51C26E2BDFCAA2B86 /* PBXTargetDependency */ = {
			isa = PBXTargetDependency;
			name = "BarPass app";
			target = AA0000050000000000000000 /* BarPass app */;
			targetProxy = 0BB1E0328DD66CE1A8E99EC3 /* PBXContainerItemProxy */;
		};
/* End PBXTargetDependency section */

/* Begin XCBuildConfiguration section */
		97458DB6BBF5B43F5D3196F4 /* Release */ = {
			isa = XCBuildConfiguration;
			buildSettings = {
				ALWAYS_EMBED_SWIFT_STANDARD_LIBRARIES = YES;
				BUNDLE_LOADER = "$(TEST_HOST)";
				CLANG_ENABLE_OBJC_WEAK = NO;
				GENERATE_INFOPLIST_FILE = YES;
				IPHONEOS_DEPLOYMENT_TARGET = 17.0;
				PRODUCT_BUNDLE_IDENTIFIER = com.sebastian.barpass.tests;
				PRODUCT_NAME = "$(TARGET_NAME)";
				SDKROOT = iphoneos;
				SWIFT_VERSION = 6.0;
				TEST_HOST = "$(BUILT_PRODUCTS_DIR)/BarPass app.app/BarPass app";
				VALIDATE_PRODUCT = YES;
			};
			name = Release;
		};
		AA0000080000000000000001 /* Debug */ = {
			isa = XCBuildConfiguration;
			buildSettings = {
				ALWAYS_SEARCH_USER_PATHS = NO;
				CLANG_WARN_BLOCK_CAPTURE_AUTORELEASING = YES;
				CLANG_WARN_BOOL_CONVERSION = YES;
				CLANG_WARN_COMMA = YES;
				CLANG_WARN_CONSTANT_CONVERSION = YES;
				CLANG_WARN_DEPRECATED_OBJC_IMPLEMENTATIONS = YES;
				CLANG_WARN_EMPTY_BODY = YES;
				CLANG_WARN_ENUM_CONVERSION = YES;
				CLANG_WARN_INFINITE_RECURSION = YES;
				CLANG_WARN_INT_CONVERSION = YES;
				CLANG_WARN_NON_LITERAL_NULL_CONVERSION = YES;
				CLANG_WARN_OBJC_IMPLICIT_RETAIN_SELF = YES;
				CLANG_WARN_OBJC_LITERAL_CONVERSION = YES;
				CLANG_WARN_QUOTED_INCLUDE_IN_FRAMEWORK_HEADER = YES;
				CLANG_WARN_RANGE_LOOP_ANALYSIS = YES;
				CLANG_WARN_STRICT_PROTOTYPES = YES;
				CLANG_WARN_SUSPICIOUS_MOVE = YES;
				CLANG_WARN_UNREACHABLE_CODE = YES;
				CLANG_WARN__DUPLICATE_METHOD_MATCH = YES;
				ENABLE_STRICT_OBJC_MSGSEND = YES;
				ENABLE_TESTABILITY = YES;
				ENABLE_USER_SCRIPT_SANDBOXING = YES;
				GCC_C_LANGUAGE_STANDARD = gnu17;
				GCC_NO_COMMON_BLOCKS = YES;
				GCC_WARN_64_TO_32_BIT_CONVERSION = YES;
				GCC_WARN_ABOUT_RETURN_TYPE = YES_ERROR;
				GCC_WARN_UNDECLARED_SELECTOR = YES;
				GCC_WARN_UNINITIALIZED_AUTOS = YES_AGGRESSIVE;
				GCC_WARN_UNUSED_FUNCTION = YES;
				GCC_WARN_UNUSED_VARIABLE = YES;
				IPHONEOS_DEPLOYMENT_TARGET = 17.0;
				MTL_ENABLE_DEBUG_INFO = INCLUDE_SOURCE;
				ONLY_ACTIVE_ARCH = YES;
				SDKROOT = iphoneos;
				STRING_CATALOG_GENERATE_SYMBOLS = YES;
				SWIFT_ACTIVE_COMPILATION_CONDITIONS = DEBUG;
				VALIDATE_PRODUCT = NO;
			};
			name = Debug;
		};
		AA0000080000000000000002 /* Release */ = {
			isa = XCBuildConfiguration;
			buildSettings = {
				ALWAYS_SEARCH_USER_PATHS = NO;
				CLANG_WARN_BLOCK_CAPTURE_AUTORELEASING = YES;
				CLANG_WARN_BOOL_CONVERSION = YES;
				CLANG_WARN_COMMA = YES;
				CLANG_WARN_CONSTANT_CONVERSION = YES;
				CLANG_WARN_DEPRECATED_OBJC_IMPLEMENTATIONS = YES;
				CLANG_WARN_EMPTY_BODY = YES;
				CLANG_WARN_ENUM_CONVERSION = YES;
				CLANG_WARN_INFINITE_RECURSION = YES;
				CLANG_WARN_INT_CONVERSION = YES;
				CLANG_WARN_NON_LITERAL_NULL_CONVERSION = YES;
				CLANG_WARN_OBJC_IMPLICIT_RETAIN_SELF = YES;
				CLANG_WARN_OBJC_LITERAL_CONVERSION = YES;
				CLANG_WARN_QUOTED_INCLUDE_IN_FRAMEWORK_HEADER = YES;
				CLANG_WARN_RANGE_LOOP_ANALYSIS = YES;
				CLANG_WARN_STRICT_PROTOTYPES = YES;
				CLANG_WARN_SUSPICIOUS_MOVE = YES;
				CLANG_WARN_UNREACHABLE_CODE = YES;
				CLANG_WARN__DUPLICATE_METHOD_MATCH = YES;
				ENABLE_STRICT_OBJC_MSGSEND = YES;
				ENABLE_USER_SCRIPT_SANDBOXING = YES;
				GCC_C_LANGUAGE_STANDARD = gnu17;
				GCC_NO_COMMON_BLOCKS = YES;
				GCC_WARN_64_TO_32_BIT_CONVERSION = YES;
				GCC_WARN_ABOUT_RETURN_TYPE = YES_ERROR;
				GCC_WARN_UNDECLARED_SELECTOR = YES;
				GCC_WARN_UNINITIALIZED_AUTOS = YES_AGGRESSIVE;
				GCC_WARN_UNUSED_FUNCTION = YES;
				GCC_WARN_UNUSED_VARIABLE = YES;
				IPHONEOS_DEPLOYMENT_TARGET = 17.0;
				MTL_ENABLE_DEBUG_INFO = NO;
				SDKROOT = iphoneos;
				STRING_CATALOG_GENERATE_SYMBOLS = YES;
				SWIFT_COMPILATION_MODE = wholemodule;
				VALIDATE_PRODUCT = YES;
			};
			name = Release;
		};
		AA0000080000000000000003 /* Debug */ = {
			isa = XCBuildConfiguration;
			buildSettings = {
				ASSETCATALOG_COMPILER_APPICON_NAME = AppIcon;
				CLANG_ENABLE_OBJC_WEAK = YES;
				CODE_SIGN_ENTITLEMENTS = BarPass/Resources/BarPass.entitlements;
				CODE_SIGN_STYLE = Automatic;
				CURRENT_PROJECT_VERSION = 1;
				DEVELOPMENT_TEAM = 7JZ8VD5L6B;
				GENERATE_INFOPLIST_FILE = NO;
				INFOPLIST_FILE = BarPass/Resources/Info.plist;
				IPHONEOS_DEPLOYMENT_TARGET = 17.0;
				MARKETING_VERSION = 1.0;
				PRODUCT_BUNDLE_IDENTIFIER = com.sebastian.barpass;
				PRODUCT_NAME = "$(TARGET_NAME)";
				SWIFT_EMIT_LOC_STRINGS = YES;
				SWIFT_OPTIMIZATION_LEVEL = "-Onone";
				SWIFT_VERSION = 6.0;
				TARGETED_DEVICE_FAMILY = "1,2";
			};
			name = Debug;
		};
		AA0000080000000000000004 /* Release */ = {
			isa = XCBuildConfiguration;
			buildSettings = {
				ASSETCATALOG_COMPILER_APPICON_NAME = AppIcon;
				CLANG_ENABLE_OBJC_WEAK = YES;
				CODE_SIGN_ENTITLEMENTS = BarPass/Resources/BarPass.entitlements;
				CODE_SIGN_STYLE = Automatic;
				CURRENT_PROJECT_VERSION = 1;
				DEVELOPMENT_TEAM = 7JZ8VD5L6B;
				GENERATE_INFOPLIST_FILE = NO;
				INFOPLIST_FILE = BarPass/Resources/Info.plist;
				IPHONEOS_DEPLOYMENT_TARGET = 17.0;
				MARKETING_VERSION = 1.0;
				PRODUCT_BUNDLE_IDENTIFIER = com.sebastian.barpass;
				PRODUCT_NAME = "$(TARGET_NAME)";
				SWIFT_EMIT_LOC_STRINGS = YES;
				SWIFT_OPTIMIZATION_LEVEL = "-Owholemodule";
				SWIFT_VERSION = 6.0;
				TARGETED_DEVICE_FAMILY = "1,2";
			};
			name = Release;
		};
		DE01BF1ED83486860E46CEF2 /* Debug */ = {
			isa = XCBuildConfiguration;
			buildSettings = {
				ALWAYS_EMBED_SWIFT_STANDARD_LIBRARIES = YES;
				BUNDLE_LOADER = "$(TEST_HOST)";
				CLANG_ENABLE_OBJC_WEAK = NO;
				GENERATE_INFOPLIST_FILE = YES;
				IPHONEOS_DEPLOYMENT_TARGET = 17.0;
				PRODUCT_BUNDLE_IDENTIFIER = com.sebastian.barpass.tests;
				PRODUCT_NAME = "$(TARGET_NAME)";
				SDKROOT = iphoneos;
				SWIFT_VERSION = 6.0;
				TEST_HOST = "$(BUILT_PRODUCTS_DIR)/BarPass app.app/BarPass app";
			};
			name = Debug;
		};
/* End XCBuildConfiguration section */

/* Begin XCConfigurationList section */
		5EFBA80D8400B137121BA0F7 /* Build configuration list for PBXNativeTarget "BarPassTests" */ = {
			isa = XCConfigurationList;
			buildConfigurations = (
				97458DB6BBF5B43F5D3196F4 /* Release */,
				DE01BF1ED83486860E46CEF2 /* Debug */,
			);
			defaultConfigurationIsVisible = 0;
			defaultConfigurationName = Release;
		};
		AA0000060000000000000000 /* Build configuration list for PBXProject "BarPass app" */ = {
			isa = XCConfigurationList;
			buildConfigurations = (
				AA0000080000000000000001 /* Debug */,
				AA0000080000000000000002 /* Release */,
			);
			defaultConfigurationIsVisible = 0;
			defaultConfigurationName = Release;
		};
		AA0000060000000000000001 /* Build configuration list for PBXNativeTarget "BarPass app" */ = {
			isa = XCConfigurationList;
			buildConfigurations = (
				AA0000080000000000000003 /* Debug */,
				AA0000080000000000000004 /* Release */,
			);
			defaultConfigurationIsVisible = 0;
			defaultConfigurationName = Release;
		};
/* End XCConfigurationList section */

/* Begin XCRemoteSwiftPackageReference section */
		SPM00000000000000000001 /* XCRemoteSwiftPackageReference "stripe-ios" */ = {
			isa = XCRemoteSwiftPackageReference;
			repositoryURL = "https://github.com/stripe/stripe-ios";
			requirement = {
				kind = upToNextMajorVersion;
				minimumVersion = 23.0.0;
			};
		};
/* End XCRemoteSwiftPackageReference section */

/* Begin XCSwiftPackageProductDependency section */
		SPM00000000000000000002 /* Stripe */ = {
			isa = XCSwiftPackageProductDependency;
			package = SPM00000000000000000001 /* XCRemoteSwiftPackageReference "stripe-ios" */;
			productName = Stripe;
		};
/* End XCSwiftPackageProductDependency section */
	};
	rootObject = AA0000070000000000000000 /* Project object */;
}
